
Microsoft Visual Studio Solution File, Format Version 12.00
# Visual Studio Version 16
VisualStudioVersion = 16.0.31321.278
MinimumVisualStudioVersion = 10.0.40219.1
Project("{8BC9CEB8-8B4A-11D0-8D11-00A0C91BC942}") = "BAEKJOON_18094", "BAEKJOON_18094\BAEKJOON_18094.vcxproj", "{73FE6685-3635-4DCC-AA92-E535E0A378A7}"
EndProject
Global
	GlobalSection(SolutionConfigurationPlatforms) = preSolution
		Debug|x64 = Debug|x64
		Debug|x86 = Debug|x86
		Release|x64 = Release|x64
		Release|x86 = Release|x86
	EndGlobalSection
	GlobalSection(ProjectConfigurationPlatforms) = postSolution
		{73FE6685-3635-4DCC-AA92-E535E0A378A7}.Debug|x64.ActiveCfg = Debug|x64
		{73FE6685-3635-4DCC-AA92-E535E0A378A7}.Debug|x64.Build.0 = Debug|x64
		{73FE6685-3635-4DCC-AA92-E535E0A378A7}.Debug|x86.ActiveCfg = Debug|Win32
		{73FE6685-3635-4DCC-AA92-E535E0A378A7}.Debug|x86.Build.0 = Debug|Win32
		{73FE6685-3635-4DCC-AA92-E535E0A378A7}.Release|x64.ActiveCfg = Release|x64
		{73FE6685-3635-4DCC-AA92-E535E0A378A7}.Release|x64.Build.0 = Release|x64
		{73FE6685-3635-4DCC-AA92-E535E0A378A7}.Release|x86.ActiveCfg = Release|Win32
		{73FE6685-3635-4DCC-AA92-E535E0A378A7}.Release|x86.Build.0 = Release|Win32
	EndGlobalSection
	GlobalSection(SolutionProperties) = preSolution
		HideSolutionNode = FALSE
	EndGlobalSection
	GlobalSection(ExtensibilityGlobals) = postSolution
		SolutionGuid = {2C0CD9A4-04AA-4D2F-8027-DDC8A35992A6}
	EndGlobalSection
EndGlobal
