
Microsoft Visual Studio Solution File, Format Version 12.00
# Visual Studio Version 16
VisualStudioVersion = 16.0.31025.194
MinimumVisualStudioVersion = 10.0.40219.1
Project("{8BC9CEB8-8B4A-11D0-8D11-00A0C91BC942}") = "5430", "5430\5430.vcxproj", "{0E92B479-D6E0-433B-A6BD-261CC512CD38}"
EndProject
Project("{8BC9CEB8-8B4A-11D0-8D11-00A0C91BC942}") = "2178", "2178\2178.vcxproj", "{6DBF6818-89EF-493E-8B22-7729678C31BD}"
EndProject
Project("{8BC9CEB8-8B4A-11D0-8D11-00A0C91BC942}") = "2110", "2110\2110.vcxproj", "{69EAC0AC-EE02-4C19-B6EB-078A8BD5506B}"
EndProject
Project("{8BC9CEB8-8B4A-11D0-8D11-00A0C91BC942}") = "1654", "1654\1654.vcxproj", "{62BE4705-A955-4184-983B-2096494CB394}"
EndProject
Project("{8BC9CEB8-8B4A-11D0-8D11-00A0C91BC942}") = "1021", "1021\1021.vcxproj", "{F82A49BA-C3A3-4633-9513-108F5FCFFC50}"
EndProject
Project("{8BC9CEB8-8B4A-11D0-8D11-00A0C91BC942}") = "1033", "1033\1033.vcxproj", "{65456B6E-39C4-4CEB-9DB4-C93F7AFF20EA}"
EndProject
Project("{8BC9CEB8-8B4A-11D0-8D11-00A0C91BC942}") = "4949", "4949\4949.vcxproj", "{B692469C-ADD2-406D-8B11-82955DC18C0A}"
EndProject
Project("{8BC9CEB8-8B4A-11D0-8D11-00A0C91BC942}") = "1874", "1874\1874.vcxproj", "{76032301-7359-4857-A078-9EEF9FE65054}"
EndProject
Project("{8BC9CEB8-8B4A-11D0-8D11-00A0C91BC942}") = "10773", "10773\10773.vcxproj", "{835E086E-BA25-426C-9372-EE4E8201EA9C}"
EndProject
Project("{8BC9CEB8-8B4A-11D0-8D11-00A0C91BC942}") = "17298", "17298\17298.vcxproj", "{5194A42C-BBED-412F-AEB0-ADFF985AAD6E}"
EndProject
Project("{8BC9CEB8-8B4A-11D0-8D11-00A0C91BC942}") = "9012", "9012\9012.vcxproj", "{83CE8E16-02E9-4E92-903E-D5020F87640A}"
EndProject
Project("{8BC9CEB8-8B4A-11D0-8D11-00A0C91BC942}") = "10828", "10828\10828.vcxproj", "{7A0E3923-0E97-4F9F-811E-505FA3CF2F04}"
EndProject
Project("{8BC9CEB8-8B4A-11D0-8D11-00A0C91BC942}") = "1167", "1167\1167.vcxproj", "{E519BB8E-AD4B-4670-8A00-DBF7E75CBAF9}"
EndProject
Project("{8BC9CEB8-8B4A-11D0-8D11-00A0C91BC942}") = "2740", "2740\2740.vcxproj", "{3701CF07-03E3-4954-89E9-583F6458383B}"
EndProject
Project("{8BC9CEB8-8B4A-11D0-8D11-00A0C91BC942}") = "2630", "2630\2630.vcxproj", "{CA8A79FE-3FA4-44D5-9D29-B988A9F63986}"
EndProject
Project("{8BC9CEB8-8B4A-11D0-8D11-00A0C91BC942}") = "18870", "18870\18870.vcxproj", "{E952F620-1B7E-4C28-B9FE-285FDC1CC7E3}"
EndProject
Project("{8BC9CEB8-8B4A-11D0-8D11-00A0C91BC942}") = "9370", "9370\9370.vcxproj", "{0E4C6176-47B6-4A58-9616-9A856AB09342}"
EndProject
Project("{8BC9CEB8-8B4A-11D0-8D11-00A0C91BC942}") = "1931", "1931\1931.vcxproj", "{366F90FB-B3B0-4DE5-960C-F0244DC69F63}"
EndProject
Project("{8BC9CEB8-8B4A-11D0-8D11-00A0C91BC942}") = "2156", "2156\2156.vcxproj", "{A3C2EB70-FD8B-45F0-8D18-1A3053E8564E}"
EndProject
Project("{8BC9CEB8-8B4A-11D0-8D11-00A0C91BC942}") = "2565", "2565\2565.vcxproj", "{06B2150D-83DE-402F-A444-4DAEA4FAF2E2}"
EndProject
Project("{8BC9CEB8-8B4A-11D0-8D11-00A0C91BC942}") = "14003", "14003\14003.vcxproj", "{2628E653-7BE1-4D85-A403-97464C1EC809}"
EndProject
Project("{8BC9CEB8-8B4A-11D0-8D11-00A0C91BC942}") = "9663", "9663\9663.vcxproj", "{DE77F85B-4722-49AC-AF7C-9EB5713DD1E7}"
EndProject
Project("{8BC9CEB8-8B4A-11D0-8D11-00A0C91BC942}") = "10971", "10971\10971.vcxproj", "{41D1A7CB-3571-4C8A-B0DC-D4D68668F5F0}"
EndProject
Project("{8BC9CEB8-8B4A-11D0-8D11-00A0C91BC942}") = "14888", "14888\14888.vcxproj", "{487601F4-9485-4283-A55F-28388D27252A}"
EndProject
Global
	GlobalSection(SolutionConfigurationPlatforms) = preSolution
		Debug|x64 = Debug|x64
		Debug|x86 = Debug|x86
		Release|x64 = Release|x64
		Release|x86 = Release|x86
	EndGlobalSection
	GlobalSection(ProjectConfigurationPlatforms) = postSolution
		{0E92B479-D6E0-433B-A6BD-261CC512CD38}.Debug|x64.ActiveCfg = Debug|x64
		{0E92B479-D6E0-433B-A6BD-261CC512CD38}.Debug|x64.Build.0 = Debug|x64
		{0E92B479-D6E0-433B-A6BD-261CC512CD38}.Debug|x86.ActiveCfg = Debug|Win32
		{0E92B479-D6E0-433B-A6BD-261CC512CD38}.Debug|x86.Build.0 = Debug|Win32
		{0E92B479-D6E0-433B-A6BD-261CC512CD38}.Release|x64.ActiveCfg = Release|x64
		{0E92B479-D6E0-433B-A6BD-261CC512CD38}.Release|x64.Build.0 = Release|x64
		{0E92B479-D6E0-433B-A6BD-261CC512CD38}.Release|x86.ActiveCfg = Release|Win32
		{0E92B479-D6E0-433B-A6BD-261CC512CD38}.Release|x86.Build.0 = Release|Win32
		{6DBF6818-89EF-493E-8B22-7729678C31BD}.Debug|x64.ActiveCfg = Debug|x64
		{6DBF6818-89EF-493E-8B22-7729678C31BD}.Debug|x64.Build.0 = Debug|x64
		{6DBF6818-89EF-493E-8B22-7729678C31BD}.Debug|x86.ActiveCfg = Debug|Win32
		{6DBF6818-89EF-493E-8B22-7729678C31BD}.Debug|x86.Build.0 = Debug|Win32
		{6DBF6818-89EF-493E-8B22-7729678C31BD}.Release|x64.ActiveCfg = Release|x64
		{6DBF6818-89EF-493E-8B22-7729678C31BD}.Release|x64.Build.0 = Release|x64
		{6DBF6818-89EF-493E-8B22-7729678C31BD}.Release|x86.ActiveCfg = Release|Win32
		{6DBF6818-89EF-493E-8B22-7729678C31BD}.Release|x86.Build.0 = Release|Win32
		{69EAC0AC-EE02-4C19-B6EB-078A8BD5506B}.Debug|x64.ActiveCfg = Debug|x64
		{69EAC0AC-EE02-4C19-B6EB-078A8BD5506B}.Debug|x64.Build.0 = Debug|x64
		{69EAC0AC-EE02-4C19-B6EB-078A8BD5506B}.Debug|x86.ActiveCfg = Debug|Win32
		{69EAC0AC-EE02-4C19-B6EB-078A8BD5506B}.Debug|x86.Build.0 = Debug|Win32
		{69EAC0AC-EE02-4C19-B6EB-078A8BD5506B}.Release|x64.ActiveCfg = Release|x64
		{69EAC0AC-EE02-4C19-B6EB-078A8BD5506B}.Release|x64.Build.0 = Release|x64
		{69EAC0AC-EE02-4C19-B6EB-078A8BD5506B}.Release|x86.ActiveCfg = Release|Win32
		{69EAC0AC-EE02-4C19-B6EB-078A8BD5506B}.Release|x86.Build.0 = Release|Win32
		{62BE4705-A955-4184-983B-2096494CB394}.Debug|x64.ActiveCfg = Debug|x64
		{62BE4705-A955-4184-983B-2096494CB394}.Debug|x64.Build.0 = Debug|x64
		{62BE4705-A955-4184-983B-2096494CB394}.Debug|x86.ActiveCfg = Debug|Win32
		{62BE4705-A955-4184-983B-2096494CB394}.Debug|x86.Build.0 = Debug|Win32
		{62BE4705-A955-4184-983B-2096494CB394}.Release|x64.ActiveCfg = Release|x64
		{62BE4705-A955-4184-983B-2096494CB394}.Release|x64.Build.0 = Release|x64
		{62BE4705-A955-4184-983B-2096494CB394}.Release|x86.ActiveCfg = Release|Win32
		{62BE4705-A955-4184-983B-2096494CB394}.Release|x86.Build.0 = Release|Win32
		{F82A49BA-C3A3-4633-9513-108F5FCFFC50}.Debug|x64.ActiveCfg = Debug|x64
		{F82A49BA-C3A3-4633-9513-108F5FCFFC50}.Debug|x64.Build.0 = Debug|x64
		{F82A49BA-C3A3-4633-9513-108F5FCFFC50}.Debug|x86.ActiveCfg = Debug|Win32
		{F82A49BA-C3A3-4633-9513-108F5FCFFC50}.Debug|x86.Build.0 = Debug|Win32
		{F82A49BA-C3A3-4633-9513-108F5FCFFC50}.Release|x64.ActiveCfg = Release|x64
		{F82A49BA-C3A3-4633-9513-108F5FCFFC50}.Release|x64.Build.0 = Release|x64
		{F82A49BA-C3A3-4633-9513-108F5FCFFC50}.Release|x86.ActiveCfg = Release|Win32
		{F82A49BA-C3A3-4633-9513-108F5FCFFC50}.Release|x86.Build.0 = Release|Win32
		{65456B6E-39C4-4CEB-9DB4-C93F7AFF20EA}.Debug|x64.ActiveCfg = Debug|x64
		{65456B6E-39C4-4CEB-9DB4-C93F7AFF20EA}.Debug|x64.Build.0 = Debug|x64
		{65456B6E-39C4-4CEB-9DB4-C93F7AFF20EA}.Debug|x86.ActiveCfg = Debug|Win32
		{65456B6E-39C4-4CEB-9DB4-C93F7AFF20EA}.Debug|x86.Build.0 = Debug|Win32
		{65456B6E-39C4-4CEB-9DB4-C93F7AFF20EA}.Release|x64.ActiveCfg = Release|x64
		{65456B6E-39C4-4CEB-9DB4-C93F7AFF20EA}.Release|x64.Build.0 = Release|x64
		{65456B6E-39C4-4CEB-9DB4-C93F7AFF20EA}.Release|x86.ActiveCfg = Release|Win32
		{65456B6E-39C4-4CEB-9DB4-C93F7AFF20EA}.Release|x86.Build.0 = Release|Win32
		{B692469C-ADD2-406D-8B11-82955DC18C0A}.Debug|x64.ActiveCfg = Debug|x64
		{B692469C-ADD2-406D-8B11-82955DC18C0A}.Debug|x64.Build.0 = Debug|x64
		{B692469C-ADD2-406D-8B11-82955DC18C0A}.Debug|x86.ActiveCfg = Debug|Win32
		{B692469C-ADD2-406D-8B11-82955DC18C0A}.Debug|x86.Build.0 = Debug|Win32
		{B692469C-ADD2-406D-8B11-82955DC18C0A}.Release|x64.ActiveCfg = Release|x64
		{B692469C-ADD2-406D-8B11-82955DC18C0A}.Release|x64.Build.0 = Release|x64
		{B692469C-ADD2-406D-8B11-82955DC18C0A}.Release|x86.ActiveCfg = Release|Win32
		{B692469C-ADD2-406D-8B11-82955DC18C0A}.Release|x86.Build.0 = Release|Win32
		{76032301-7359-4857-A078-9EEF9FE65054}.Debug|x64.ActiveCfg = Debug|x64
		{76032301-7359-4857-A078-9EEF9FE65054}.Debug|x64.Build.0 = Debug|x64
		{76032301-7359-4857-A078-9EEF9FE65054}.Debug|x86.ActiveCfg = Debug|Win32
		{76032301-7359-4857-A078-9EEF9FE65054}.Debug|x86.Build.0 = Debug|Win32
		{76032301-7359-4857-A078-9EEF9FE65054}.Release|x64.ActiveCfg = Release|x64
		{76032301-7359-4857-A078-9EEF9FE65054}.Release|x64.Build.0 = Release|x64
		{76032301-7359-4857-A078-9EEF9FE65054}.Release|x86.ActiveCfg = Release|Win32
		{76032301-7359-4857-A078-9EEF9FE65054}.Release|x86.Build.0 = Release|Win32
		{835E086E-BA25-426C-9372-EE4E8201EA9C}.Debug|x64.ActiveCfg = Debug|x64
		{835E086E-BA25-426C-9372-EE4E8201EA9C}.Debug|x64.Build.0 = Debug|x64
		{835E086E-BA25-426C-9372-EE4E8201EA9C}.Debug|x86.ActiveCfg = Debug|Win32
		{835E086E-BA25-426C-9372-EE4E8201EA9C}.Debug|x86.Build.0 = Debug|Win32
		{835E086E-BA25-426C-9372-EE4E8201EA9C}.Release|x64.ActiveCfg = Release|x64
		{835E086E-BA25-426C-9372-EE4E8201EA9C}.Release|x64.Build.0 = Release|x64
		{835E086E-BA25-426C-9372-EE4E8201EA9C}.Release|x86.ActiveCfg = Release|Win32
		{835E086E-BA25-426C-9372-EE4E8201EA9C}.Release|x86.Build.0 = Release|Win32
		{5194A42C-BBED-412F-AEB0-ADFF985AAD6E}.Debug|x64.ActiveCfg = Debug|x64
		{5194A42C-BBED-412F-AEB0-ADFF985AAD6E}.Debug|x64.Build.0 = Debug|x64
		{5194A42C-BBED-412F-AEB0-ADFF985AAD6E}.Debug|x86.ActiveCfg = Debug|Win32
		{5194A42C-BBED-412F-AEB0-ADFF985AAD6E}.Debug|x86.Build.0 = Debug|Win32
		{5194A42C-BBED-412F-AEB0-ADFF985AAD6E}.Release|x64.ActiveCfg = Release|x64
		{5194A42C-BBED-412F-AEB0-ADFF985AAD6E}.Release|x64.Build.0 = Release|x64
		{5194A42C-BBED-412F-AEB0-ADFF985AAD6E}.Release|x86.ActiveCfg = Release|Win32
		{5194A42C-BBED-412F-AEB0-ADFF985AAD6E}.Release|x86.Build.0 = Release|Win32
		{83CE8E16-02E9-4E92-903E-D5020F87640A}.Debug|x64.ActiveCfg = Debug|x64
		{83CE8E16-02E9-4E92-903E-D5020F87640A}.Debug|x64.Build.0 = Debug|x64
		{83CE8E16-02E9-4E92-903E-D5020F87640A}.Debug|x86.ActiveCfg = Debug|Win32
		{83CE8E16-02E9-4E92-903E-D5020F87640A}.Debug|x86.Build.0 = Debug|Win32
		{83CE8E16-02E9-4E92-903E-D5020F87640A}.Release|x64.ActiveCfg = Release|x64
		{83CE8E16-02E9-4E92-903E-D5020F87640A}.Release|x64.Build.0 = Release|x64
		{83CE8E16-02E9-4E92-903E-D5020F87640A}.Release|x86.ActiveCfg = Release|Win32
		{83CE8E16-02E9-4E92-903E-D5020F87640A}.Release|x86.Build.0 = Release|Win32
		{7A0E3923-0E97-4F9F-811E-505FA3CF2F04}.Debug|x64.ActiveCfg = Debug|x64
		{7A0E3923-0E97-4F9F-811E-505FA3CF2F04}.Debug|x64.Build.0 = Debug|x64
		{7A0E3923-0E97-4F9F-811E-505FA3CF2F04}.Debug|x86.ActiveCfg = Debug|Win32
		{7A0E3923-0E97-4F9F-811E-505FA3CF2F04}.Debug|x86.Build.0 = Debug|Win32
		{7A0E3923-0E97-4F9F-811E-505FA3CF2F04}.Release|x64.ActiveCfg = Release|x64
		{7A0E3923-0E97-4F9F-811E-505FA3CF2F04}.Release|x64.Build.0 = Release|x64
		{7A0E3923-0E97-4F9F-811E-505FA3CF2F04}.Release|x86.ActiveCfg = Release|Win32
		{7A0E3923-0E97-4F9F-811E-505FA3CF2F04}.Release|x86.Build.0 = Release|Win32
		{E519BB8E-AD4B-4670-8A00-DBF7E75CBAF9}.Debug|x64.ActiveCfg = Debug|x64
		{E519BB8E-AD4B-4670-8A00-DBF7E75CBAF9}.Debug|x64.Build.0 = Debug|x64
		{E519BB8E-AD4B-4670-8A00-DBF7E75CBAF9}.Debug|x86.ActiveCfg = Debug|Win32
		{E519BB8E-AD4B-4670-8A00-DBF7E75CBAF9}.Debug|x86.Build.0 = Debug|Win32
		{E519BB8E-AD4B-4670-8A00-DBF7E75CBAF9}.Release|x64.ActiveCfg = Release|x64
		{E519BB8E-AD4B-4670-8A00-DBF7E75CBAF9}.Release|x64.Build.0 = Release|x64
		{E519BB8E-AD4B-4670-8A00-DBF7E75CBAF9}.Release|x86.ActiveCfg = Release|Win32
		{E519BB8E-AD4B-4670-8A00-DBF7E75CBAF9}.Release|x86.Build.0 = Release|Win32
		{3701CF07-03E3-4954-89E9-583F6458383B}.Debug|x64.ActiveCfg = Debug|x64
		{3701CF07-03E3-4954-89E9-583F6458383B}.Debug|x64.Build.0 = Debug|x64
		{3701CF07-03E3-4954-89E9-583F6458383B}.Debug|x86.ActiveCfg = Debug|Win32
		{3701CF07-03E3-4954-89E9-583F6458383B}.Debug|x86.Build.0 = Debug|Win32
		{3701CF07-03E3-4954-89E9-583F6458383B}.Release|x64.ActiveCfg = Release|x64
		{3701CF07-03E3-4954-89E9-583F6458383B}.Release|x64.Build.0 = Release|x64
		{3701CF07-03E3-4954-89E9-583F6458383B}.Release|x86.ActiveCfg = Release|Win32
		{3701CF07-03E3-4954-89E9-583F6458383B}.Release|x86.Build.0 = Release|Win32
		{CA8A79FE-3FA4-44D5-9D29-B988A9F63986}.Debug|x64.ActiveCfg = Debug|x64
		{CA8A79FE-3FA4-44D5-9D29-B988A9F63986}.Debug|x64.Build.0 = Debug|x64
		{CA8A79FE-3FA4-44D5-9D29-B988A9F63986}.Debug|x86.ActiveCfg = Debug|Win32
		{CA8A79FE-3FA4-44D5-9D29-B988A9F63986}.Debug|x86.Build.0 = Debug|Win32
		{CA8A79FE-3FA4-44D5-9D29-B988A9F63986}.Release|x64.ActiveCfg = Release|x64
		{CA8A79FE-3FA4-44D5-9D29-B988A9F63986}.Release|x64.Build.0 = Release|x64
		{CA8A79FE-3FA4-44D5-9D29-B988A9F63986}.Release|x86.ActiveCfg = Release|Win32
		{CA8A79FE-3FA4-44D5-9D29-B988A9F63986}.Release|x86.Build.0 = Release|Win32
		{E952F620-1B7E-4C28-B9FE-285FDC1CC7E3}.Debug|x64.ActiveCfg = Debug|x64
		{E952F620-1B7E-4C28-B9FE-285FDC1CC7E3}.Debug|x64.Build.0 = Debug|x64
		{E952F620-1B7E-4C28-B9FE-285FDC1CC7E3}.Debug|x86.ActiveCfg = Debug|Win32
		{E952F620-1B7E-4C28-B9FE-285FDC1CC7E3}.Debug|x86.Build.0 = Debug|Win32
		{E952F620-1B7E-4C28-B9FE-285FDC1CC7E3}.Release|x64.ActiveCfg = Release|x64
		{E952F620-1B7E-4C28-B9FE-285FDC1CC7E3}.Release|x64.Build.0 = Release|x64
		{E952F620-1B7E-4C28-B9FE-285FDC1CC7E3}.Release|x86.ActiveCfg = Release|Win32
		{E952F620-1B7E-4C28-B9FE-285FDC1CC7E3}.Release|x86.Build.0 = Release|Win32
		{0E4C6176-47B6-4A58-9616-9A856AB09342}.Debug|x64.ActiveCfg = Debug|x64
		{0E4C6176-47B6-4A58-9616-9A856AB09342}.Debug|x64.Build.0 = Debug|x64
		{0E4C6176-47B6-4A58-9616-9A856AB09342}.Debug|x86.ActiveCfg = Debug|Win32
		{0E4C6176-47B6-4A58-9616-9A856AB09342}.Debug|x86.Build.0 = Debug|Win32
		{0E4C6176-47B6-4A58-9616-9A856AB09342}.Release|x64.ActiveCfg = Release|x64
		{0E4C6176-47B6-4A58-9616-9A856AB09342}.Release|x64.Build.0 = Release|x64
		{0E4C6176-47B6-4A58-9616-9A856AB09342}.Release|x86.ActiveCfg = Release|Win32
		{0E4C6176-47B6-4A58-9616-9A856AB09342}.Release|x86.Build.0 = Release|Win32
		{366F90FB-B3B0-4DE5-960C-F0244DC69F63}.Debug|x64.ActiveCfg = Debug|x64
		{366F90FB-B3B0-4DE5-960C-F0244DC69F63}.Debug|x64.Build.0 = Debug|x64
		{366F90FB-B3B0-4DE5-960C-F0244DC69F63}.Debug|x86.ActiveCfg = Debug|Win32
		{366F90FB-B3B0-4DE5-960C-F0244DC69F63}.Debug|x86.Build.0 = Debug|Win32
		{366F90FB-B3B0-4DE5-960C-F0244DC69F63}.Release|x64.ActiveCfg = Release|x64
		{366F90FB-B3B0-4DE5-960C-F0244DC69F63}.Release|x64.Build.0 = Release|x64
		{366F90FB-B3B0-4DE5-960C-F0244DC69F63}.Release|x86.ActiveCfg = Release|Win32
		{366F90FB-B3B0-4DE5-960C-F0244DC69F63}.Release|x86.Build.0 = Release|Win32
		{A3C2EB70-FD8B-45F0-8D18-1A3053E8564E}.Debug|x64.ActiveCfg = Debug|x64
		{A3C2EB70-FD8B-45F0-8D18-1A3053E8564E}.Debug|x64.Build.0 = Debug|x64
		{A3C2EB70-FD8B-45F0-8D18-1A3053E8564E}.Debug|x86.ActiveCfg = Debug|Win32
		{A3C2EB70-FD8B-45F0-8D18-1A3053E8564E}.Debug|x86.Build.0 = Debug|Win32
		{A3C2EB70-FD8B-45F0-8D18-1A3053E8564E}.Release|x64.ActiveCfg = Release|x64
		{A3C2EB70-FD8B-45F0-8D18-1A3053E8564E}.Release|x64.Build.0 = Release|x64
		{A3C2EB70-FD8B-45F0-8D18-1A3053E8564E}.Release|x86.ActiveCfg = Release|Win32
		{A3C2EB70-FD8B-45F0-8D18-1A3053E8564E}.Release|x86.Build.0 = Release|Win32
		{06B2150D-83DE-402F-A444-4DAEA4FAF2E2}.Debug|x64.ActiveCfg = Debug|x64
		{06B2150D-83DE-402F-A444-4DAEA4FAF2E2}.Debug|x64.Build.0 = Debug|x64
		{06B2150D-83DE-402F-A444-4DAEA4FAF2E2}.Debug|x86.ActiveCfg = Debug|Win32
		{06B2150D-83DE-402F-A444-4DAEA4FAF2E2}.Debug|x86.Build.0 = Debug|Win32
		{06B2150D-83DE-402F-A444-4DAEA4FAF2E2}.Release|x64.ActiveCfg = Release|x64
		{06B2150D-83DE-402F-A444-4DAEA4FAF2E2}.Release|x64.Build.0 = Release|x64
		{06B2150D-83DE-402F-A444-4DAEA4FAF2E2}.Release|x86.ActiveCfg = Release|Win32
		{06B2150D-83DE-402F-A444-4DAEA4FAF2E2}.Release|x86.Build.0 = Release|Win32
		{2628E653-7BE1-4D85-A403-97464C1EC809}.Debug|x64.ActiveCfg = Debug|x64
		{2628E653-7BE1-4D85-A403-97464C1EC809}.Debug|x64.Build.0 = Debug|x64
		{2628E653-7BE1-4D85-A403-97464C1EC809}.Debug|x86.ActiveCfg = Debug|Win32
		{2628E653-7BE1-4D85-A403-97464C1EC809}.Debug|x86.Build.0 = Debug|Win32
		{2628E653-7BE1-4D85-A403-97464C1EC809}.Release|x64.ActiveCfg = Release|x64
		{2628E653-7BE1-4D85-A403-97464C1EC809}.Release|x64.Build.0 = Release|x64
		{2628E653-7BE1-4D85-A403-97464C1EC809}.Release|x86.ActiveCfg = Release|Win32
		{2628E653-7BE1-4D85-A403-97464C1EC809}.Release|x86.Build.0 = Release|Win32
		{DE77F85B-4722-49AC-AF7C-9EB5713DD1E7}.Debug|x64.ActiveCfg = Debug|x64
		{DE77F85B-4722-49AC-AF7C-9EB5713DD1E7}.Debug|x64.Build.0 = Debug|x64
		{DE77F85B-4722-49AC-AF7C-9EB5713DD1E7}.Debug|x86.ActiveCfg = Debug|Win32
		{DE77F85B-4722-49AC-AF7C-9EB5713DD1E7}.Debug|x86.Build.0 = Debug|Win32
		{DE77F85B-4722-49AC-AF7C-9EB5713DD1E7}.Release|x64.ActiveCfg = Release|x64
		{DE77F85B-4722-49AC-AF7C-9EB5713DD1E7}.Release|x64.Build.0 = Release|x64
		{DE77F85B-4722-49AC-AF7C-9EB5713DD1E7}.Release|x86.ActiveCfg = Release|Win32
		{DE77F85B-4722-49AC-AF7C-9EB5713DD1E7}.Release|x86.Build.0 = Release|Win32
		{41D1A7CB-3571-4C8A-B0DC-D4D68668F5F0}.Debug|x64.ActiveCfg = Debug|x64
		{41D1A7CB-3571-4C8A-B0DC-D4D68668F5F0}.Debug|x64.Build.0 = Debug|x64
		{41D1A7CB-3571-4C8A-B0DC-D4D68668F5F0}.Debug|x86.ActiveCfg = Debug|Win32
		{41D1A7CB-3571-4C8A-B0DC-D4D68668F5F0}.Debug|x86.Build.0 = Debug|Win32
		{41D1A7CB-3571-4C8A-B0DC-D4D68668F5F0}.Release|x64.ActiveCfg = Release|x64
		{41D1A7CB-3571-4C8A-B0DC-D4D68668F5F0}.Release|x64.Build.0 = Release|x64
		{41D1A7CB-3571-4C8A-B0DC-D4D68668F5F0}.Release|x86.ActiveCfg = Release|Win32
		{41D1A7CB-3571-4C8A-B0DC-D4D68668F5F0}.Release|x86.Build.0 = Release|Win32
		{487601F4-9485-4283-A55F-28388D27252A}.Debug|x64.ActiveCfg = Debug|x64
		{487601F4-9485-4283-A55F-28388D27252A}.Debug|x64.Build.0 = Debug|x64
		{487601F4-9485-4283-A55F-28388D27252A}.Debug|x86.ActiveCfg = Debug|Win32
		{487601F4-9485-4283-A55F-28388D27252A}.Debug|x86.Build.0 = Debug|Win32
		{487601F4-9485-4283-A55F-28388D27252A}.Release|x64.ActiveCfg = Release|x64
		{487601F4-9485-4283-A55F-28388D27252A}.Release|x64.Build.0 = Release|x64
		{487601F4-9485-4283-A55F-28388D27252A}.Release|x86.ActiveCfg = Release|Win32
		{487601F4-9485-4283-A55F-28388D27252A}.Release|x86.Build.0 = Release|Win32
	EndGlobalSection
	GlobalSection(SolutionProperties) = preSolution
		HideSolutionNode = FALSE
	EndGlobalSection
	GlobalSection(ExtensibilityGlobals) = postSolution
		SolutionGuid = {BDD11AB0-8D80-465D-8E8B-B29B8878F95B}
	EndGlobalSection
EndGlobal
