
Microsoft Visual Studio Solution File, Format Version 12.00
# Visual Studio Version 16
VisualStudioVersion = 16.0.31025.194
MinimumVisualStudioVersion = 10.0.40219.1
Project("{8BC9CEB8-8B4A-11D0-8D11-00A0C91BC942}") = "5430", "5430\5430.vcxproj", "{0E92B479-D6E0-433B-A6BD-261CC512CD38}"
EndProject
Project("{8BC9CEB8-8B4A-11D0-8D11-00A0C91BC942}") = "2178", "2178\2178.vcxproj", "{6DBF6818-89EF-493E-8B22-7729678C31BD}"
EndProject
Project("{8BC9CEB8-8B4A-11D0-8D11-00A0C91BC942}") = "2110", "2110\2110.vcxproj", "{69EAC0AC-EE02-4C19-B6EB-078A8BD5506B}"
EndProject
Project("{8BC9CEB8-8B4A-11D0-8D11-00A0C91BC942}") = "1654", "1654\1654.vcxproj", "{62BE4705-A955-4184-983B-2096494CB394}"
EndProject
Project("{8BC9CEB8-8B4A-11D0-8D11-00A0C91BC942}") = "1021", "1021\1021.vcxproj", "{F82A49BA-C3A3-4633-9513-108F5FCFFC50}"
EndProject
Project("{8BC9CEB8-8B4A-11D0-8D11-00A0C91BC942}") = "1033", "1033\1033.vcxproj", "{65456B6E-39C4-4CEB-9DB4-C93F7AFF20EA}"
EndProject
Project("{8BC9CEB8-8B4A-11D0-8D11-00A0C91BC942}") = "4949", "4949\4949.vcxproj", "{B692469C-ADD2-406D-8B11-82955DC18C0A}"
EndProject
Project("{8BC9CEB8-8B4A-11D0-8D11-00A0C91BC942}") = "1874", "1874\1874.vcxproj", "{76032301-7359-4857-A078-9EEF9FE65054}"
EndProject
Project("{8BC9CEB8-8B4A-11D0-8D11-00A0C91BC942}") = "10773", "10773\10773.vcxproj", "{835E086E-BA25-426C-9372-EE4E8201EA9C}"
EndProject
Project("{8BC9CEB8-8B4A-11D0-8D11-00A0C91BC942}") = "17298", "17298\17298.vcxproj", "{5194A42C-BBED-412F-AEB0-ADFF985AAD6E}"
EndProject
Project("{8BC9CEB8-8B4A-11D0-8D11-00A0C91BC942}") = "9012", "9012\9012.vcxproj", "{83CE8E16-02E9-4E92-903E-D5020F87640A}"
EndProject
Project("{8BC9CEB8-8B4A-11D0-8D11-00A0C91BC942}") = "10828", "10828\10828.vcxproj", "{7A0E3923-0E97-4F9F-811E-505FA3CF2F04}"
EndProject
Global
	GlobalSection(SolutionConfigurationPlatforms) = preSolution
		Debug|x64 = Debug|x64
		Debug|x86 = Debug|x86
		Release|x64 = Release|x64
		Release|x86 = Release|x86
	EndGlobalSection
	GlobalSection(ProjectConfigurationPlatforms) = postSolution
		{0E92B479-D6E0-433B-A6BD-261CC512CD38}.Debug|x64.ActiveCfg = Debug|x64
		{0E92B479-D6E0-433B-A6BD-261CC512CD38}.Debug|x64.Build.0 = Debug|x64
		{0E92B479-D6E0-433B-A6BD-261CC512CD38}.Debug|x86.ActiveCfg = Debug|Win32
		{0E92B479-D6E0-433B-A6BD-261CC512CD38}.Debug|x86.Build.0 = Debug|Win32
		{0E92B479-D6E0-433B-A6BD-261CC512CD38}.Release|x64.ActiveCfg = Release|x64
		{0E92B479-D6E0-433B-A6BD-261CC512CD38}.Release|x64.Build.0 = Release|x64
		{0E92B479-D6E0-433B-A6BD-261CC512CD38}.Release|x86.ActiveCfg = Release|Win32
		{0E92B479-D6E0-433B-A6BD-261CC512CD38}.Release|x86.Build.0 = Release|Win32
		{6DBF6818-89EF-493E-8B22-7729678C31BD}.Debug|x64.ActiveCfg = Debug|x64
		{6DBF6818-89EF-493E-8B22-7729678C31BD}.Debug|x64.Build.0 = Debug|x64
		{6DBF6818-89EF-493E-8B22-7729678C31BD}.Debug|x86.ActiveCfg = Debug|Win32
		{6DBF6818-89EF-493E-8B22-7729678C31BD}.Debug|x86.Build.0 = Debug|Win32
		{6DBF6818-89EF-493E-8B22-7729678C31BD}.Release|x64.ActiveCfg = Release|x64
		{6DBF6818-89EF-493E-8B22-7729678C31BD}.Release|x64.Build.0 = Release|x64
		{6DBF6818-89EF-493E-8B22-7729678C31BD}.Release|x86.ActiveCfg = Release|Win32
		{6DBF6818-89EF-493E-8B22-7729678C31BD}.Release|x86.Build.0 = Release|Win32
		{69EAC0AC-EE02-4C19-B6EB-078A8BD5506B}.Debug|x64.ActiveCfg = Debug|x64
		{69EAC0AC-EE02-4C19-B6EB-078A8BD5506B}.Debug|x64.Build.0 = Debug|x64
		{69EAC0AC-EE02-4C19-B6EB-078A8BD5506B}.Debug|x86.ActiveCfg = Debug|Win32
		{69EAC0AC-EE02-4C19-B6EB-078A8BD5506B}.Debug|x86.Build.0 = Debug|Win32
		{69EAC0AC-EE02-4C19-B6EB-078A8BD5506B}.Release|x64.ActiveCfg = Release|x64
		{69EAC0AC-EE02-4C19-B6EB-078A8BD5506B}.Release|x64.Build.0 = Release|x64
		{69EAC0AC-EE02-4C19-B6EB-078A8BD5506B}.Release|x86.ActiveCfg = Release|Win32
		{69EAC0AC-EE02-4C19-B6EB-078A8BD5506B}.Release|x86.Build.0 = Release|Win32
		{62BE4705-A955-4184-983B-2096494CB394}.Debug|x64.ActiveCfg = Debug|x64
		{62BE4705-A955-4184-983B-2096494CB394}.Debug|x64.Build.0 = Debug|x64
		{62BE4705-A955-4184-983B-2096494CB394}.Debug|x86.ActiveCfg = Debug|Win32
		{62BE4705-A955-4184-983B-2096494CB394}.Debug|x86.Build.0 = Debug|Win32
		{62BE4705-A955-4184-983B-2096494CB394}.Release|x64.ActiveCfg = Release|x64
		{62BE4705-A955-4184-983B-2096494CB394}.Release|x64.Build.0 = Release|x64
		{62BE4705-A955-4184-983B-2096494CB394}.Release|x86.ActiveCfg = Release|Win32
		{62BE4705-A955-4184-983B-2096494CB394}.Release|x86.Build.0 = Release|Win32
		{F82A49BA-C3A3-4633-9513-108F5FCFFC50}.Debug|x64.ActiveCfg = Debug|x64
		{F82A49BA-C3A3-4633-9513-108F5FCFFC50}.Debug|x64.Build.0 = Debug|x64
		{F82A49BA-C3A3-4633-9513-108F5FCFFC50}.Debug|x86.ActiveCfg = Debug|Win32
		{F82A49BA-C3A3-4633-9513-108F5FCFFC50}.Debug|x86.Build.0 = Debug|Win32
		{F82A49BA-C3A3-4633-9513-108F5FCFFC50}.Release|x64.ActiveCfg = Release|x64
		{F82A49BA-C3A3-4633-9513-108F5FCFFC50}.Release|x64.Build.0 = Release|x64
		{F82A49BA-C3A3-4633-9513-108F5FCFFC50}.Release|x86.ActiveCfg = Release|Win32
		{F82A49BA-C3A3-4633-9513-108F5FCFFC50}.Release|x86.Build.0 = Release|Win32
		{65456B6E-39C4-4CEB-9DB4-C93F7AFF20EA}.Debug|x64.ActiveCfg = Debug|x64
		{65456B6E-39C4-4CEB-9DB4-C93F7AFF20EA}.Debug|x64.Build.0 = Debug|x64
		{65456B6E-39C4-4CEB-9DB4-C93F7AFF20EA}.Debug|x86.ActiveCfg = Debug|Win32
		{65456B6E-39C4-4CEB-9DB4-C93F7AFF20EA}.Debug|x86.Build.0 = Debug|Win32
		{65456B6E-39C4-4CEB-9DB4-C93F7AFF20EA}.Release|x64.ActiveCfg = Release|x64
		{65456B6E-39C4-4CEB-9DB4-C93F7AFF20EA}.Release|x64.Build.0 = Release|x64
		{65456B6E-39C4-4CEB-9DB4-C93F7AFF20EA}.Release|x86.ActiveCfg = Release|Win32
		{65456B6E-39C4-4CEB-9DB4-C93F7AFF20EA}.Release|x86.Build.0 = Release|Win32
		{B692469C-ADD2-406D-8B11-82955DC18C0A}.Debug|x64.ActiveCfg = Debug|x64
		{B692469C-ADD2-406D-8B11-82955DC18C0A}.Debug|x64.Build.0 = Debug|x64
		{B692469C-ADD2-406D-8B11-82955DC18C0A}.Debug|x86.ActiveCfg = Debug|Win32
		{B692469C-ADD2-406D-8B11-82955DC18C0A}.Debug|x86.Build.0 = Debug|Win32
		{B692469C-ADD2-406D-8B11-82955DC18C0A}.Release|x64.ActiveCfg = Release|x64
		{B692469C-ADD2-406D-8B11-82955DC18C0A}.Release|x64.Build.0 = Release|x64
		{B692469C-ADD2-406D-8B11-82955DC18C0A}.Release|x86.ActiveCfg = Release|Win32
		{B692469C-ADD2-406D-8B11-82955DC18C0A}.Release|x86.Build.0 = Release|Win32
		{76032301-7359-4857-A078-9EEF9FE65054}.Debug|x64.ActiveCfg = Debug|x64
		{76032301-7359-4857-A078-9EEF9FE65054}.Debug|x64.Build.0 = Debug|x64
		{76032301-7359-4857-A078-9EEF9FE65054}.Debug|x86.ActiveCfg = Debug|Win32
		{76032301-7359-4857-A078-9EEF9FE65054}.Debug|x86.Build.0 = Debug|Win32
		{76032301-7359-4857-A078-9EEF9FE65054}.Release|x64.ActiveCfg = Release|x64
		{76032301-7359-4857-A078-9EEF9FE65054}.Release|x64.Build.0 = Release|x64
		{76032301-7359-4857-A078-9EEF9FE65054}.Release|x86.ActiveCfg = Release|Win32
		{76032301-7359-4857-A078-9EEF9FE65054}.Release|x86.Build.0 = Release|Win32
		{835E086E-BA25-426C-9372-EE4E8201EA9C}.Debug|x64.ActiveCfg = Debug|x64
		{835E086E-BA25-426C-9372-EE4E8201EA9C}.Debug|x64.Build.0 = Debug|x64
		{835E086E-BA25-426C-9372-EE4E8201EA9C}.Debug|x86.ActiveCfg = Debug|Win32
		{835E086E-BA25-426C-9372-EE4E8201EA9C}.Debug|x86.Build.0 = Debug|Win32
		{835E086E-BA25-426C-9372-EE4E8201EA9C}.Release|x64.ActiveCfg = Release|x64
		{835E086E-BA25-426C-9372-EE4E8201EA9C}.Release|x64.Build.0 = Release|x64
		{835E086E-BA25-426C-9372-EE4E8201EA9C}.Release|x86.ActiveCfg = Release|Win32
		{835E086E-BA25-426C-9372-EE4E8201EA9C}.Release|x86.Build.0 = Release|Win32
		{5194A42C-BBED-412F-AEB0-ADFF985AAD6E}.Debug|x64.ActiveCfg = Debug|x64
		{5194A42C-BBED-412F-AEB0-ADFF985AAD6E}.Debug|x64.Build.0 = Debug|x64
		{5194A42C-BBED-412F-AEB0-ADFF985AAD6E}.Debug|x86.ActiveCfg = Debug|Win32
		{5194A42C-BBED-412F-AEB0-ADFF985AAD6E}.Debug|x86.Build.0 = Debug|Win32
		{5194A42C-BBED-412F-AEB0-ADFF985AAD6E}.Release|x64.ActiveCfg = Release|x64
		{5194A42C-BBED-412F-AEB0-ADFF985AAD6E}.Release|x64.Build.0 = Release|x64
		{5194A42C-BBED-412F-AEB0-ADFF985AAD6E}.Release|x86.ActiveCfg = Release|Win32
		{5194A42C-BBED-412F-AEB0-ADFF985AAD6E}.Release|x86.Build.0 = Release|Win32
		{83CE8E16-02E9-4E92-903E-D5020F87640A}.Debug|x64.ActiveCfg = Debug|x64
		{83CE8E16-02E9-4E92-903E-D5020F87640A}.Debug|x64.Build.0 = Debug|x64
		{83CE8E16-02E9-4E92-903E-D5020F87640A}.Debug|x86.ActiveCfg = Debug|Win32
		{83CE8E16-02E9-4E92-903E-D5020F87640A}.Debug|x86.Build.0 = Debug|Win32
		{83CE8E16-02E9-4E92-903E-D5020F87640A}.Release|x64.ActiveCfg = Release|x64
		{83CE8E16-02E9-4E92-903E-D5020F87640A}.Release|x64.Build.0 = Release|x64
		{83CE8E16-02E9-4E92-903E-D5020F87640A}.Release|x86.ActiveCfg = Release|Win32
		{83CE8E16-02E9-4E92-903E-D5020F87640A}.Release|x86.Build.0 = Release|Win32
		{7A0E3923-0E97-4F9F-811E-505FA3CF2F04}.Debug|x64.ActiveCfg = Debug|x64
		{7A0E3923-0E97-4F9F-811E-505FA3CF2F04}.Debug|x64.Build.0 = Debug|x64
		{7A0E3923-0E97-4F9F-811E-505FA3CF2F04}.Debug|x86.ActiveCfg = Debug|Win32
		{7A0E3923-0E97-4F9F-811E-505FA3CF2F04}.Debug|x86.Build.0 = Debug|Win32
		{7A0E3923-0E97-4F9F-811E-505FA3CF2F04}.Release|x64.ActiveCfg = Release|x64
		{7A0E3923-0E97-4F9F-811E-505FA3CF2F04}.Release|x64.Build.0 = Release|x64
		{7A0E3923-0E97-4F9F-811E-505FA3CF2F04}.Release|x86.ActiveCfg = Release|Win32
		{7A0E3923-0E97-4F9F-811E-505FA3CF2F04}.Release|x86.Build.0 = Release|Win32
	EndGlobalSection
	GlobalSection(SolutionProperties) = preSolution
		HideSolutionNode = FALSE
	EndGlobalSection
	GlobalSection(ExtensibilityGlobals) = postSolution
		SolutionGuid = {BDD11AB0-8D80-465D-8E8B-B29B8878F95B}
	EndGlobalSection
EndGlobal
