
Microsoft Visual Studio Solution File, Format Version 12.00
# Visual Studio Version 16
VisualStudioVersion = 16.0.31025.194
MinimumVisualStudioVersion = 10.0.40219.1
Project("{8BC9CEB8-8B4A-11D0-8D11-00A0C91BC942}") = "1033", "1033\1033.vcxproj", "{3629B934-5008-4A07-871C-BDE9D2DB5578}"
EndProject
Project("{8BC9CEB8-8B4A-11D0-8D11-00A0C91BC942}") = "5430", "5430\5430.vcxproj", "{BB1A146B-40F6-4C6E-BD6C-658C93528A35}"
EndProject
Project("{8BC9CEB8-8B4A-11D0-8D11-00A0C91BC942}") = "1021", "1021번\1021번.vcxproj", "{88D41760-469E-4C0C-A945-812FA4E4AC13}"
EndProject
Project("{8BC9CEB8-8B4A-11D0-8D11-00A0C91BC942}") = "1654", "1654\1654.vcxproj", "{6827EBE2-8D47-42B4-82EE-4DF3CAE78024}"
EndProject
Project("{8BC9CEB8-8B4A-11D0-8D11-00A0C91BC942}") = "10866", "10866\10866.vcxproj", "{1F7B6571-C9E9-4A65-B82C-35A12E9790CB}"
EndProject
Project("{8BC9CEB8-8B4A-11D0-8D11-00A0C91BC942}") = "2110", "2110\2110.vcxproj", "{B61D2535-3A19-45D7-B1A9-7E96FD66F0E8}"
EndProject
Project("{8BC9CEB8-8B4A-11D0-8D11-00A0C91BC942}") = "2178번", "2178번\2178번.vcxproj", "{AC85E49C-B554-4B71-98D1-5E3A689F6D3D}"
EndProject
Project("{8BC9CEB8-8B4A-11D0-8D11-00A0C91BC942}") = "2740", "2740\2740.vcxproj", "{5E873640-9D15-45C9-B616-25FFE5B47A9D}"
EndProject
Project("{8BC9CEB8-8B4A-11D0-8D11-00A0C91BC942}") = "2630", "2630\2630.vcxproj", "{04A92BBA-AD4A-46A8-8527-B88BAE7B09E6}"
EndProject
Project("{8BC9CEB8-8B4A-11D0-8D11-00A0C91BC942}") = "test", "test\test.vcxproj", "{255ABB30-D6F6-4502-9A98-6BC0D5D9C3BD}"
EndProject
Project("{8BC9CEB8-8B4A-11D0-8D11-00A0C91BC942}") = "4803", "4803\4803.vcxproj", "{62BE1CA6-978B-4706-A57E-9C71F43D2BDF}"
EndProject
Project("{8BC9CEB8-8B4A-11D0-8D11-00A0C91BC942}") = "1167", "1167\1167.vcxproj", "{52E20B7D-4369-4022-AB2C-9FAF52AA2B96}"
EndProject
Project("{8BC9CEB8-8B4A-11D0-8D11-00A0C91BC942}") = "1956", "1956\1956.vcxproj", "{B22F0593-39AC-4E31-B415-7D5D9A441491}"
EndProject
Project("{8BC9CEB8-8B4A-11D0-8D11-00A0C91BC942}") = "18870", "18870\18870.vcxproj", "{0E5932FA-A87B-4597-9224-6E07C8520072}"
EndProject
Project("{8BC9CEB8-8B4A-11D0-8D11-00A0C91BC942}") = "20040", "20040\20040.vcxproj", "{BB5E1F83-FE0C-4C5E-BC54-D8038737D920}"
EndProject
Project("{8BC9CEB8-8B4A-11D0-8D11-00A0C91BC942}") = "4386", "4368\4368.vcxproj", "{6B2DA8B1-2431-4461-AF60-62A29ECDB187}"
EndProject
Project("{8BC9CEB8-8B4A-11D0-8D11-00A0C91BC942}") = "2565", "2565\2565.vcxproj", "{155F8CA7-EF06-4A2B-95DC-03EAECAF56F8}"
EndProject
Project("{8BC9CEB8-8B4A-11D0-8D11-00A0C91BC942}") = "cpp_ex", "cpp_ex\cpp_ex.vcxproj", "{8178054B-CE07-4719-AF89-0EF6205E1CBB}"
EndProject
Project("{8BC9CEB8-8B4A-11D0-8D11-00A0C91BC942}") = "1931", "1931\1931.vcxproj", "{2BD9C729-F87D-4064-BE50-F91F97E77CCA}"
EndProject
Project("{8BC9CEB8-8B4A-11D0-8D11-00A0C91BC942}") = "9663", "9663\9663.vcxproj", "{A4C5FF1F-B2ED-40F8-9617-0716F3209E4B}"
EndProject
Project("{8BC9CEB8-8B4A-11D0-8D11-00A0C91BC942}") = "14888", "14888\14888.vcxproj", "{428D009D-27DD-44AB-89DF-4C6D11226D8C}"
EndProject
Global
	GlobalSection(SolutionConfigurationPlatforms) = preSolution
		Debug|x64 = Debug|x64
		Debug|x86 = Debug|x86
		Release|x64 = Release|x64
		Release|x86 = Release|x86
	EndGlobalSection
	GlobalSection(ProjectConfigurationPlatforms) = postSolution
		{3629B934-5008-4A07-871C-BDE9D2DB5578}.Debug|x64.ActiveCfg = Debug|x64
		{3629B934-5008-4A07-871C-BDE9D2DB5578}.Debug|x64.Build.0 = Debug|x64
		{3629B934-5008-4A07-871C-BDE9D2DB5578}.Debug|x86.ActiveCfg = Debug|Win32
		{3629B934-5008-4A07-871C-BDE9D2DB5578}.Debug|x86.Build.0 = Debug|Win32
		{3629B934-5008-4A07-871C-BDE9D2DB5578}.Release|x64.ActiveCfg = Release|x64
		{3629B934-5008-4A07-871C-BDE9D2DB5578}.Release|x64.Build.0 = Release|x64
		{3629B934-5008-4A07-871C-BDE9D2DB5578}.Release|x86.ActiveCfg = Release|Win32
		{3629B934-5008-4A07-871C-BDE9D2DB5578}.Release|x86.Build.0 = Release|Win32
		{BB1A146B-40F6-4C6E-BD6C-658C93528A35}.Debug|x64.ActiveCfg = Debug|x64
		{BB1A146B-40F6-4C6E-BD6C-658C93528A35}.Debug|x64.Build.0 = Debug|x64
		{BB1A146B-40F6-4C6E-BD6C-658C93528A35}.Debug|x86.ActiveCfg = Debug|Win32
		{BB1A146B-40F6-4C6E-BD6C-658C93528A35}.Debug|x86.Build.0 = Debug|Win32
		{BB1A146B-40F6-4C6E-BD6C-658C93528A35}.Release|x64.ActiveCfg = Release|x64
		{BB1A146B-40F6-4C6E-BD6C-658C93528A35}.Release|x64.Build.0 = Release|x64
		{BB1A146B-40F6-4C6E-BD6C-658C93528A35}.Release|x86.ActiveCfg = Release|Win32
		{BB1A146B-40F6-4C6E-BD6C-658C93528A35}.Release|x86.Build.0 = Release|Win32
		{88D41760-469E-4C0C-A945-812FA4E4AC13}.Debug|x64.ActiveCfg = Debug|x64
		{88D41760-469E-4C0C-A945-812FA4E4AC13}.Debug|x64.Build.0 = Debug|x64
		{88D41760-469E-4C0C-A945-812FA4E4AC13}.Debug|x86.ActiveCfg = Debug|Win32
		{88D41760-469E-4C0C-A945-812FA4E4AC13}.Debug|x86.Build.0 = Debug|Win32
		{88D41760-469E-4C0C-A945-812FA4E4AC13}.Release|x64.ActiveCfg = Release|x64
		{88D41760-469E-4C0C-A945-812FA4E4AC13}.Release|x64.Build.0 = Release|x64
		{88D41760-469E-4C0C-A945-812FA4E4AC13}.Release|x86.ActiveCfg = Release|Win32
		{88D41760-469E-4C0C-A945-812FA4E4AC13}.Release|x86.Build.0 = Release|Win32
		{6827EBE2-8D47-42B4-82EE-4DF3CAE78024}.Debug|x64.ActiveCfg = Debug|x64
		{6827EBE2-8D47-42B4-82EE-4DF3CAE78024}.Debug|x64.Build.0 = Debug|x64
		{6827EBE2-8D47-42B4-82EE-4DF3CAE78024}.Debug|x86.ActiveCfg = Debug|Win32
		{6827EBE2-8D47-42B4-82EE-4DF3CAE78024}.Debug|x86.Build.0 = Debug|Win32
		{6827EBE2-8D47-42B4-82EE-4DF3CAE78024}.Release|x64.ActiveCfg = Release|x64
		{6827EBE2-8D47-42B4-82EE-4DF3CAE78024}.Release|x64.Build.0 = Release|x64
		{6827EBE2-8D47-42B4-82EE-4DF3CAE78024}.Release|x86.ActiveCfg = Release|Win32
		{6827EBE2-8D47-42B4-82EE-4DF3CAE78024}.Release|x86.Build.0 = Release|Win32
		{1F7B6571-C9E9-4A65-B82C-35A12E9790CB}.Debug|x64.ActiveCfg = Debug|x64
		{1F7B6571-C9E9-4A65-B82C-35A12E9790CB}.Debug|x64.Build.0 = Debug|x64
		{1F7B6571-C9E9-4A65-B82C-35A12E9790CB}.Debug|x86.ActiveCfg = Debug|Win32
		{1F7B6571-C9E9-4A65-B82C-35A12E9790CB}.Debug|x86.Build.0 = Debug|Win32
		{1F7B6571-C9E9-4A65-B82C-35A12E9790CB}.Release|x64.ActiveCfg = Release|x64
		{1F7B6571-C9E9-4A65-B82C-35A12E9790CB}.Release|x64.Build.0 = Release|x64
		{1F7B6571-C9E9-4A65-B82C-35A12E9790CB}.Release|x86.ActiveCfg = Release|Win32
		{1F7B6571-C9E9-4A65-B82C-35A12E9790CB}.Release|x86.Build.0 = Release|Win32
		{B61D2535-3A19-45D7-B1A9-7E96FD66F0E8}.Debug|x64.ActiveCfg = Debug|x64
		{B61D2535-3A19-45D7-B1A9-7E96FD66F0E8}.Debug|x64.Build.0 = Debug|x64
		{B61D2535-3A19-45D7-B1A9-7E96FD66F0E8}.Debug|x86.ActiveCfg = Debug|Win32
		{B61D2535-3A19-45D7-B1A9-7E96FD66F0E8}.Debug|x86.Build.0 = Debug|Win32
		{B61D2535-3A19-45D7-B1A9-7E96FD66F0E8}.Release|x64.ActiveCfg = Release|x64
		{B61D2535-3A19-45D7-B1A9-7E96FD66F0E8}.Release|x64.Build.0 = Release|x64
		{B61D2535-3A19-45D7-B1A9-7E96FD66F0E8}.Release|x86.ActiveCfg = Release|Win32
		{B61D2535-3A19-45D7-B1A9-7E96FD66F0E8}.Release|x86.Build.0 = Release|Win32
		{AC85E49C-B554-4B71-98D1-5E3A689F6D3D}.Debug|x64.ActiveCfg = Debug|x64
		{AC85E49C-B554-4B71-98D1-5E3A689F6D3D}.Debug|x64.Build.0 = Debug|x64
		{AC85E49C-B554-4B71-98D1-5E3A689F6D3D}.Debug|x86.ActiveCfg = Debug|Win32
		{AC85E49C-B554-4B71-98D1-5E3A689F6D3D}.Debug|x86.Build.0 = Debug|Win32
		{AC85E49C-B554-4B71-98D1-5E3A689F6D3D}.Release|x64.ActiveCfg = Release|x64
		{AC85E49C-B554-4B71-98D1-5E3A689F6D3D}.Release|x64.Build.0 = Release|x64
		{AC85E49C-B554-4B71-98D1-5E3A689F6D3D}.Release|x86.ActiveCfg = Release|Win32
		{AC85E49C-B554-4B71-98D1-5E3A689F6D3D}.Release|x86.Build.0 = Release|Win32
		{5E873640-9D15-45C9-B616-25FFE5B47A9D}.Debug|x64.ActiveCfg = Debug|x64
		{5E873640-9D15-45C9-B616-25FFE5B47A9D}.Debug|x64.Build.0 = Debug|x64
		{5E873640-9D15-45C9-B616-25FFE5B47A9D}.Debug|x86.ActiveCfg = Debug|Win32
		{5E873640-9D15-45C9-B616-25FFE5B47A9D}.Debug|x86.Build.0 = Debug|Win32
		{5E873640-9D15-45C9-B616-25FFE5B47A9D}.Release|x64.ActiveCfg = Release|x64
		{5E873640-9D15-45C9-B616-25FFE5B47A9D}.Release|x64.Build.0 = Release|x64
		{5E873640-9D15-45C9-B616-25FFE5B47A9D}.Release|x86.ActiveCfg = Release|Win32
		{5E873640-9D15-45C9-B616-25FFE5B47A9D}.Release|x86.Build.0 = Release|Win32
		{04A92BBA-AD4A-46A8-8527-B88BAE7B09E6}.Debug|x64.ActiveCfg = Debug|x64
		{04A92BBA-AD4A-46A8-8527-B88BAE7B09E6}.Debug|x64.Build.0 = Debug|x64
		{04A92BBA-AD4A-46A8-8527-B88BAE7B09E6}.Debug|x86.ActiveCfg = Debug|Win32
		{04A92BBA-AD4A-46A8-8527-B88BAE7B09E6}.Debug|x86.Build.0 = Debug|Win32
		{04A92BBA-AD4A-46A8-8527-B88BAE7B09E6}.Release|x64.ActiveCfg = Release|x64
		{04A92BBA-AD4A-46A8-8527-B88BAE7B09E6}.Release|x64.Build.0 = Release|x64
		{04A92BBA-AD4A-46A8-8527-B88BAE7B09E6}.Release|x86.ActiveCfg = Release|Win32
		{04A92BBA-AD4A-46A8-8527-B88BAE7B09E6}.Release|x86.Build.0 = Release|Win32
		{255ABB30-D6F6-4502-9A98-6BC0D5D9C3BD}.Debug|x64.ActiveCfg = Debug|x64
		{255ABB30-D6F6-4502-9A98-6BC0D5D9C3BD}.Debug|x64.Build.0 = Debug|x64
		{255ABB30-D6F6-4502-9A98-6BC0D5D9C3BD}.Debug|x86.ActiveCfg = Debug|Win32
		{255ABB30-D6F6-4502-9A98-6BC0D5D9C3BD}.Debug|x86.Build.0 = Debug|Win32
		{255ABB30-D6F6-4502-9A98-6BC0D5D9C3BD}.Release|x64.ActiveCfg = Release|x64
		{255ABB30-D6F6-4502-9A98-6BC0D5D9C3BD}.Release|x64.Build.0 = Release|x64
		{255ABB30-D6F6-4502-9A98-6BC0D5D9C3BD}.Release|x86.ActiveCfg = Release|Win32
		{255ABB30-D6F6-4502-9A98-6BC0D5D9C3BD}.Release|x86.Build.0 = Release|Win32
		{62BE1CA6-978B-4706-A57E-9C71F43D2BDF}.Debug|x64.ActiveCfg = Debug|x64
		{62BE1CA6-978B-4706-A57E-9C71F43D2BDF}.Debug|x64.Build.0 = Debug|x64
		{62BE1CA6-978B-4706-A57E-9C71F43D2BDF}.Debug|x86.ActiveCfg = Debug|Win32
		{62BE1CA6-978B-4706-A57E-9C71F43D2BDF}.Debug|x86.Build.0 = Debug|Win32
		{62BE1CA6-978B-4706-A57E-9C71F43D2BDF}.Release|x64.ActiveCfg = Release|x64
		{62BE1CA6-978B-4706-A57E-9C71F43D2BDF}.Release|x64.Build.0 = Release|x64
		{62BE1CA6-978B-4706-A57E-9C71F43D2BDF}.Release|x86.ActiveCfg = Release|Win32
		{62BE1CA6-978B-4706-A57E-9C71F43D2BDF}.Release|x86.Build.0 = Release|Win32
		{52E20B7D-4369-4022-AB2C-9FAF52AA2B96}.Debug|x64.ActiveCfg = Debug|x64
		{52E20B7D-4369-4022-AB2C-9FAF52AA2B96}.Debug|x64.Build.0 = Debug|x64
		{52E20B7D-4369-4022-AB2C-9FAF52AA2B96}.Debug|x86.ActiveCfg = Debug|Win32
		{52E20B7D-4369-4022-AB2C-9FAF52AA2B96}.Debug|x86.Build.0 = Debug|Win32
		{52E20B7D-4369-4022-AB2C-9FAF52AA2B96}.Release|x64.ActiveCfg = Release|x64
		{52E20B7D-4369-4022-AB2C-9FAF52AA2B96}.Release|x64.Build.0 = Release|x64
		{52E20B7D-4369-4022-AB2C-9FAF52AA2B96}.Release|x86.ActiveCfg = Release|Win32
		{52E20B7D-4369-4022-AB2C-9FAF52AA2B96}.Release|x86.Build.0 = Release|Win32
		{B22F0593-39AC-4E31-B415-7D5D9A441491}.Debug|x64.ActiveCfg = Debug|x64
		{B22F0593-39AC-4E31-B415-7D5D9A441491}.Debug|x64.Build.0 = Debug|x64
		{B22F0593-39AC-4E31-B415-7D5D9A441491}.Debug|x86.ActiveCfg = Debug|Win32
		{B22F0593-39AC-4E31-B415-7D5D9A441491}.Debug|x86.Build.0 = Debug|Win32
		{B22F0593-39AC-4E31-B415-7D5D9A441491}.Release|x64.ActiveCfg = Release|x64
		{B22F0593-39AC-4E31-B415-7D5D9A441491}.Release|x64.Build.0 = Release|x64
		{B22F0593-39AC-4E31-B415-7D5D9A441491}.Release|x86.ActiveCfg = Release|Win32
		{B22F0593-39AC-4E31-B415-7D5D9A441491}.Release|x86.Build.0 = Release|Win32
		{0E5932FA-A87B-4597-9224-6E07C8520072}.Debug|x64.ActiveCfg = Debug|x64
		{0E5932FA-A87B-4597-9224-6E07C8520072}.Debug|x64.Build.0 = Debug|x64
		{0E5932FA-A87B-4597-9224-6E07C8520072}.Debug|x86.ActiveCfg = Debug|Win32
		{0E5932FA-A87B-4597-9224-6E07C8520072}.Debug|x86.Build.0 = Debug|Win32
		{0E5932FA-A87B-4597-9224-6E07C8520072}.Release|x64.ActiveCfg = Release|x64
		{0E5932FA-A87B-4597-9224-6E07C8520072}.Release|x64.Build.0 = Release|x64
		{0E5932FA-A87B-4597-9224-6E07C8520072}.Release|x86.ActiveCfg = Release|Win32
		{0E5932FA-A87B-4597-9224-6E07C8520072}.Release|x86.Build.0 = Release|Win32
		{BB5E1F83-FE0C-4C5E-BC54-D8038737D920}.Debug|x64.ActiveCfg = Debug|x64
		{BB5E1F83-FE0C-4C5E-BC54-D8038737D920}.Debug|x64.Build.0 = Debug|x64
		{BB5E1F83-FE0C-4C5E-BC54-D8038737D920}.Debug|x86.ActiveCfg = Debug|Win32
		{BB5E1F83-FE0C-4C5E-BC54-D8038737D920}.Debug|x86.Build.0 = Debug|Win32
		{BB5E1F83-FE0C-4C5E-BC54-D8038737D920}.Release|x64.ActiveCfg = Release|x64
		{BB5E1F83-FE0C-4C5E-BC54-D8038737D920}.Release|x64.Build.0 = Release|x64
		{BB5E1F83-FE0C-4C5E-BC54-D8038737D920}.Release|x86.ActiveCfg = Release|Win32
		{BB5E1F83-FE0C-4C5E-BC54-D8038737D920}.Release|x86.Build.0 = Release|Win32
		{6B2DA8B1-2431-4461-AF60-62A29ECDB187}.Debug|x64.ActiveCfg = Debug|x64
		{6B2DA8B1-2431-4461-AF60-62A29ECDB187}.Debug|x64.Build.0 = Debug|x64
		{6B2DA8B1-2431-4461-AF60-62A29ECDB187}.Debug|x86.ActiveCfg = Debug|Win32
		{6B2DA8B1-2431-4461-AF60-62A29ECDB187}.Debug|x86.Build.0 = Debug|Win32
		{6B2DA8B1-2431-4461-AF60-62A29ECDB187}.Release|x64.ActiveCfg = Release|x64
		{6B2DA8B1-2431-4461-AF60-62A29ECDB187}.Release|x64.Build.0 = Release|x64
		{6B2DA8B1-2431-4461-AF60-62A29ECDB187}.Release|x86.ActiveCfg = Release|Win32
		{6B2DA8B1-2431-4461-AF60-62A29ECDB187}.Release|x86.Build.0 = Release|Win32
		{155F8CA7-EF06-4A2B-95DC-03EAECAF56F8}.Debug|x64.ActiveCfg = Debug|x64
		{155F8CA7-EF06-4A2B-95DC-03EAECAF56F8}.Debug|x64.Build.0 = Debug|x64
		{155F8CA7-EF06-4A2B-95DC-03EAECAF56F8}.Debug|x86.ActiveCfg = Debug|Win32
		{155F8CA7-EF06-4A2B-95DC-03EAECAF56F8}.Debug|x86.Build.0 = Debug|Win32
		{155F8CA7-EF06-4A2B-95DC-03EAECAF56F8}.Release|x64.ActiveCfg = Release|x64
		{155F8CA7-EF06-4A2B-95DC-03EAECAF56F8}.Release|x64.Build.0 = Release|x64
		{155F8CA7-EF06-4A2B-95DC-03EAECAF56F8}.Release|x86.ActiveCfg = Release|Win32
		{155F8CA7-EF06-4A2B-95DC-03EAECAF56F8}.Release|x86.Build.0 = Release|Win32
		{8178054B-CE07-4719-AF89-0EF6205E1CBB}.Debug|x64.ActiveCfg = Debug|x64
		{8178054B-CE07-4719-AF89-0EF6205E1CBB}.Debug|x64.Build.0 = Debug|x64
		{8178054B-CE07-4719-AF89-0EF6205E1CBB}.Debug|x86.ActiveCfg = Debug|Win32
		{8178054B-CE07-4719-AF89-0EF6205E1CBB}.Debug|x86.Build.0 = Debug|Win32
		{8178054B-CE07-4719-AF89-0EF6205E1CBB}.Release|x64.ActiveCfg = Release|x64
		{8178054B-CE07-4719-AF89-0EF6205E1CBB}.Release|x64.Build.0 = Release|x64
		{8178054B-CE07-4719-AF89-0EF6205E1CBB}.Release|x86.ActiveCfg = Release|Win32
		{8178054B-CE07-4719-AF89-0EF6205E1CBB}.Release|x86.Build.0 = Release|Win32
		{2BD9C729-F87D-4064-BE50-F91F97E77CCA}.Debug|x64.ActiveCfg = Debug|x64
		{2BD9C729-F87D-4064-BE50-F91F97E77CCA}.Debug|x64.Build.0 = Debug|x64
		{2BD9C729-F87D-4064-BE50-F91F97E77CCA}.Debug|x86.ActiveCfg = Debug|Win32
		{2BD9C729-F87D-4064-BE50-F91F97E77CCA}.Debug|x86.Build.0 = Debug|Win32
		{2BD9C729-F87D-4064-BE50-F91F97E77CCA}.Release|x64.ActiveCfg = Release|x64
		{2BD9C729-F87D-4064-BE50-F91F97E77CCA}.Release|x64.Build.0 = Release|x64
		{2BD9C729-F87D-4064-BE50-F91F97E77CCA}.Release|x86.ActiveCfg = Release|Win32
		{2BD9C729-F87D-4064-BE50-F91F97E77CCA}.Release|x86.Build.0 = Release|Win32
		{A4C5FF1F-B2ED-40F8-9617-0716F3209E4B}.Debug|x64.ActiveCfg = Debug|x64
		{A4C5FF1F-B2ED-40F8-9617-0716F3209E4B}.Debug|x64.Build.0 = Debug|x64
		{A4C5FF1F-B2ED-40F8-9617-0716F3209E4B}.Debug|x86.ActiveCfg = Debug|Win32
		{A4C5FF1F-B2ED-40F8-9617-0716F3209E4B}.Debug|x86.Build.0 = Debug|Win32
		{A4C5FF1F-B2ED-40F8-9617-0716F3209E4B}.Release|x64.ActiveCfg = Release|x64
		{A4C5FF1F-B2ED-40F8-9617-0716F3209E4B}.Release|x64.Build.0 = Release|x64
		{A4C5FF1F-B2ED-40F8-9617-0716F3209E4B}.Release|x86.ActiveCfg = Release|Win32
		{A4C5FF1F-B2ED-40F8-9617-0716F3209E4B}.Release|x86.Build.0 = Release|Win32
		{428D009D-27DD-44AB-89DF-4C6D11226D8C}.Debug|x64.ActiveCfg = Debug|x64
		{428D009D-27DD-44AB-89DF-4C6D11226D8C}.Debug|x64.Build.0 = Debug|x64
		{428D009D-27DD-44AB-89DF-4C6D11226D8C}.Debug|x86.ActiveCfg = Debug|Win32
		{428D009D-27DD-44AB-89DF-4C6D11226D8C}.Debug|x86.Build.0 = Debug|Win32
		{428D009D-27DD-44AB-89DF-4C6D11226D8C}.Release|x64.ActiveCfg = Release|x64
		{428D009D-27DD-44AB-89DF-4C6D11226D8C}.Release|x64.Build.0 = Release|x64
		{428D009D-27DD-44AB-89DF-4C6D11226D8C}.Release|x86.ActiveCfg = Release|Win32
		{428D009D-27DD-44AB-89DF-4C6D11226D8C}.Release|x86.Build.0 = Release|Win32
	EndGlobalSection
	GlobalSection(SolutionProperties) = preSolution
		HideSolutionNode = FALSE
	EndGlobalSection
	GlobalSection(ExtensibilityGlobals) = postSolution
		SolutionGuid = {81080750-734A-49C6-9E55-7B12869ADE94}
	EndGlobalSection
EndGlobal
