
Microsoft Visual Studio Solution File, Format Version 12.00
# Visual Studio Version 16
VisualStudioVersion = 16.0.30523.141
MinimumVisualStudioVersion = 10.0.40219.1
Project("{8BC9CEB8-8B4A-11D0-8D11-00A0C91BC942}") = "1_4949", "1_4949\1_4949.vcxproj", "{2B93AFA3-F39A-40FA-907F-6E4C072FCA52}"
EndProject
Project("{8BC9CEB8-8B4A-11D0-8D11-00A0C91BC942}") = "2_1874", "2_1874\2_1874.vcxproj", "{F84FC303-92B0-41AF-A4B7-FE8DA0FE97BB}"
EndProject
Project("{8BC9CEB8-8B4A-11D0-8D11-00A0C91BC942}") = "3_1021", "3_1021\3_1021.vcxproj", "{F7AD911C-53B5-4D17-938E-DF8411B9CE36}"
EndProject
Project("{8BC9CEB8-8B4A-11D0-8D11-00A0C91BC942}") = "3_1021_2", "3_1021_2\3_1021_2.vcxproj", "{602A4262-585F-416C-86AE-20FCEB57BD7C}"
EndProject
Project("{8BC9CEB8-8B4A-11D0-8D11-00A0C91BC942}") = "4_5430", "4_5430\4_5430.vcxproj", "{E1C31317-F301-461F-B703-5BB034ED6CC8}"
EndProject
Project("{8BC9CEB8-8B4A-11D0-8D11-00A0C91BC942}") = "5_1654", "5_1654\5_1654.vcxproj", "{6DB5480F-0325-439F-B765-D5D0F4295B81}"
EndProject
Project("{8BC9CEB8-8B4A-11D0-8D11-00A0C91BC942}") = "6_2178", "6_2178\6_2178.vcxproj", "{001292D7-62F3-4F69-8AD5-3C4EC99E0474}"
EndProject
Project("{8BC9CEB8-8B4A-11D0-8D11-00A0C91BC942}") = "7_2110_binarySearch", "7_2110_binarySearch\7_2110_binarySearch.vcxproj", "{8EC21311-58BA-4A3F-9518-547D48FB4DC5}"
EndProject
Project("{8BC9CEB8-8B4A-11D0-8D11-00A0C91BC942}") = "8_11582_sorting", "8_11582_sorting\8_11582_sorting.vcxproj", "{B40DF9D3-D3A0-4946-A76A-61C136D52E66}"
EndProject
Project("{8BC9CEB8-8B4A-11D0-8D11-00A0C91BC942}") = "9_1167_tree", "9_1167_tree\9_1167_tree.vcxproj", "{4576DA77-EB8C-4970-9CA3-0069864127C8}"
EndProject
Project("{8BC9CEB8-8B4A-11D0-8D11-00A0C91BC942}") = "10_2630_분할정복", "10_2630_분할정복\10_2630_분할정복.vcxproj", "{E6182BC8-E3F1-47A7-98E0-32DD27825124}"
EndProject
Project("{8BC9CEB8-8B4A-11D0-8D11-00A0C91BC942}") = "11_2740_단순행렬곱셈", "11_2740_단순행렬곱셈\11_2740_단순행렬곱셈.vcxproj", "{A9B84968-87CC-4F7C-ACCA-D627737D4515}"
EndProject
Project("{8BC9CEB8-8B4A-11D0-8D11-00A0C91BC942}") = "12_18870_좌표압축", "12_18870_좌표압축\12_18870_좌표압축.vcxproj", "{48E86E8C-5615-47D1-88C9-4CB03B1359C7}"
EndProject
Project("{8BC9CEB8-8B4A-11D0-8D11-00A0C91BC942}") = "13_2565_전깃줄", "13_2565_전깃줄\13_2565_전깃줄.vcxproj", "{AF296F00-C8AA-46EB-A0B2-4044349C6896}"
EndProject
Project("{8BC9CEB8-8B4A-11D0-8D11-00A0C91BC942}") = "14_1003_fibonacci", "14_1003_fibonacci\14_1003_fibonacci.vcxproj", "{8735CC2E-6398-48B1-A60F-3F1C34F1F737}"
EndProject
Project("{8BC9CEB8-8B4A-11D0-8D11-00A0C91BC942}") = "14_1003_fibonacci_2", "14_1003_fibonacci_2\14_1003_fibonacci_2.vcxproj", "{986A2811-1C79-4FE3-A167-23BBC5E50AD4}"
EndProject
Project("{8BC9CEB8-8B4A-11D0-8D11-00A0C91BC942}") = "15_9184_dynamic", "15_9184_dynamic\15_9184_dynamic.vcxproj", "{441974AF-53A6-40CE-9630-5E1AB7926EF3}"
EndProject
Project("{8BC9CEB8-8B4A-11D0-8D11-00A0C91BC942}") = "16_2565_dynamic", "16_2565_dynamic\16_2565_dynamic.vcxproj", "{2B017837-63F2-46EE-9916-BA0AC6A02DF1}"
EndProject
Project("{8BC9CEB8-8B4A-11D0-8D11-00A0C91BC942}") = "17_2156_dynamic", "17_2156_dynamic\17_2156_dynamic.vcxproj", "{6EEE99C2-C1E5-422E-A3E8-2F5694F419FD}"
EndProject
Project("{8BC9CEB8-8B4A-11D0-8D11-00A0C91BC942}") = "18_4386_spanningTree", "18_4386_spanningTree\18_4386_spanningTree.vcxproj", "{07A1EDD4-3A59-4257-9461-EC7FF4F361BA}"
EndProject
Project("{8BC9CEB8-8B4A-11D0-8D11-00A0C91BC942}") = "19_1931_greedy", "19_1931_greedy\19_1931_greedy.vcxproj", "{F9AE49E1-162A-445A-A47D-867775DC1581}"
EndProject
Project("{8BC9CEB8-8B4A-11D0-8D11-00A0C91BC942}") = "20_20040_사이클게임", "20_20040_사이클게임\20_20040_사이클게임.vcxproj", "{656D1110-1235-483A-A448-2966281D72E4}"
EndProject
Global
	GlobalSection(SolutionConfigurationPlatforms) = preSolution
		Debug|x64 = Debug|x64
		Debug|x86 = Debug|x86
		Release|x64 = Release|x64
		Release|x86 = Release|x86
	EndGlobalSection
	GlobalSection(ProjectConfigurationPlatforms) = postSolution
		{2B93AFA3-F39A-40FA-907F-6E4C072FCA52}.Debug|x64.ActiveCfg = Debug|x64
		{2B93AFA3-F39A-40FA-907F-6E4C072FCA52}.Debug|x64.Build.0 = Debug|x64
		{2B93AFA3-F39A-40FA-907F-6E4C072FCA52}.Debug|x86.ActiveCfg = Debug|Win32
		{2B93AFA3-F39A-40FA-907F-6E4C072FCA52}.Debug|x86.Build.0 = Debug|Win32
		{2B93AFA3-F39A-40FA-907F-6E4C072FCA52}.Release|x64.ActiveCfg = Release|x64
		{2B93AFA3-F39A-40FA-907F-6E4C072FCA52}.Release|x64.Build.0 = Release|x64
		{2B93AFA3-F39A-40FA-907F-6E4C072FCA52}.Release|x86.ActiveCfg = Release|Win32
		{2B93AFA3-F39A-40FA-907F-6E4C072FCA52}.Release|x86.Build.0 = Release|Win32
		{F84FC303-92B0-41AF-A4B7-FE8DA0FE97BB}.Debug|x64.ActiveCfg = Debug|x64
		{F84FC303-92B0-41AF-A4B7-FE8DA0FE97BB}.Debug|x64.Build.0 = Debug|x64
		{F84FC303-92B0-41AF-A4B7-FE8DA0FE97BB}.Debug|x86.ActiveCfg = Debug|Win32
		{F84FC303-92B0-41AF-A4B7-FE8DA0FE97BB}.Debug|x86.Build.0 = Debug|Win32
		{F84FC303-92B0-41AF-A4B7-FE8DA0FE97BB}.Release|x64.ActiveCfg = Release|x64
		{F84FC303-92B0-41AF-A4B7-FE8DA0FE97BB}.Release|x64.Build.0 = Release|x64
		{F84FC303-92B0-41AF-A4B7-FE8DA0FE97BB}.Release|x86.ActiveCfg = Release|Win32
		{F84FC303-92B0-41AF-A4B7-FE8DA0FE97BB}.Release|x86.Build.0 = Release|Win32
		{F7AD911C-53B5-4D17-938E-DF8411B9CE36}.Debug|x64.ActiveCfg = Debug|x64
		{F7AD911C-53B5-4D17-938E-DF8411B9CE36}.Debug|x64.Build.0 = Debug|x64
		{F7AD911C-53B5-4D17-938E-DF8411B9CE36}.Debug|x86.ActiveCfg = Debug|Win32
		{F7AD911C-53B5-4D17-938E-DF8411B9CE36}.Debug|x86.Build.0 = Debug|Win32
		{F7AD911C-53B5-4D17-938E-DF8411B9CE36}.Release|x64.ActiveCfg = Release|x64
		{F7AD911C-53B5-4D17-938E-DF8411B9CE36}.Release|x64.Build.0 = Release|x64
		{F7AD911C-53B5-4D17-938E-DF8411B9CE36}.Release|x86.ActiveCfg = Release|Win32
		{F7AD911C-53B5-4D17-938E-DF8411B9CE36}.Release|x86.Build.0 = Release|Win32
		{602A4262-585F-416C-86AE-20FCEB57BD7C}.Debug|x64.ActiveCfg = Debug|x64
		{602A4262-585F-416C-86AE-20FCEB57BD7C}.Debug|x64.Build.0 = Debug|x64
		{602A4262-585F-416C-86AE-20FCEB57BD7C}.Debug|x86.ActiveCfg = Debug|Win32
		{602A4262-585F-416C-86AE-20FCEB57BD7C}.Debug|x86.Build.0 = Debug|Win32
		{602A4262-585F-416C-86AE-20FCEB57BD7C}.Release|x64.ActiveCfg = Release|x64
		{602A4262-585F-416C-86AE-20FCEB57BD7C}.Release|x64.Build.0 = Release|x64
		{602A4262-585F-416C-86AE-20FCEB57BD7C}.Release|x86.ActiveCfg = Release|Win32
		{602A4262-585F-416C-86AE-20FCEB57BD7C}.Release|x86.Build.0 = Release|Win32
		{E1C31317-F301-461F-B703-5BB034ED6CC8}.Debug|x64.ActiveCfg = Debug|x64
		{E1C31317-F301-461F-B703-5BB034ED6CC8}.Debug|x64.Build.0 = Debug|x64
		{E1C31317-F301-461F-B703-5BB034ED6CC8}.Debug|x86.ActiveCfg = Debug|Win32
		{E1C31317-F301-461F-B703-5BB034ED6CC8}.Debug|x86.Build.0 = Debug|Win32
		{E1C31317-F301-461F-B703-5BB034ED6CC8}.Release|x64.ActiveCfg = Release|x64
		{E1C31317-F301-461F-B703-5BB034ED6CC8}.Release|x64.Build.0 = Release|x64
		{E1C31317-F301-461F-B703-5BB034ED6CC8}.Release|x86.ActiveCfg = Release|Win32
		{E1C31317-F301-461F-B703-5BB034ED6CC8}.Release|x86.Build.0 = Release|Win32
		{6DB5480F-0325-439F-B765-D5D0F4295B81}.Debug|x64.ActiveCfg = Debug|x64
		{6DB5480F-0325-439F-B765-D5D0F4295B81}.Debug|x64.Build.0 = Debug|x64
		{6DB5480F-0325-439F-B765-D5D0F4295B81}.Debug|x86.ActiveCfg = Debug|Win32
		{6DB5480F-0325-439F-B765-D5D0F4295B81}.Debug|x86.Build.0 = Debug|Win32
		{6DB5480F-0325-439F-B765-D5D0F4295B81}.Release|x64.ActiveCfg = Release|x64
		{6DB5480F-0325-439F-B765-D5D0F4295B81}.Release|x64.Build.0 = Release|x64
		{6DB5480F-0325-439F-B765-D5D0F4295B81}.Release|x86.ActiveCfg = Release|Win32
		{6DB5480F-0325-439F-B765-D5D0F4295B81}.Release|x86.Build.0 = Release|Win32
		{001292D7-62F3-4F69-8AD5-3C4EC99E0474}.Debug|x64.ActiveCfg = Debug|x64
		{001292D7-62F3-4F69-8AD5-3C4EC99E0474}.Debug|x64.Build.0 = Debug|x64
		{001292D7-62F3-4F69-8AD5-3C4EC99E0474}.Debug|x86.ActiveCfg = Debug|Win32
		{001292D7-62F3-4F69-8AD5-3C4EC99E0474}.Debug|x86.Build.0 = Debug|Win32
		{001292D7-62F3-4F69-8AD5-3C4EC99E0474}.Release|x64.ActiveCfg = Release|x64
		{001292D7-62F3-4F69-8AD5-3C4EC99E0474}.Release|x64.Build.0 = Release|x64
		{001292D7-62F3-4F69-8AD5-3C4EC99E0474}.Release|x86.ActiveCfg = Release|Win32
		{001292D7-62F3-4F69-8AD5-3C4EC99E0474}.Release|x86.Build.0 = Release|Win32
		{8EC21311-58BA-4A3F-9518-547D48FB4DC5}.Debug|x64.ActiveCfg = Debug|x64
		{8EC21311-58BA-4A3F-9518-547D48FB4DC5}.Debug|x64.Build.0 = Debug|x64
		{8EC21311-58BA-4A3F-9518-547D48FB4DC5}.Debug|x86.ActiveCfg = Debug|Win32
		{8EC21311-58BA-4A3F-9518-547D48FB4DC5}.Debug|x86.Build.0 = Debug|Win32
		{8EC21311-58BA-4A3F-9518-547D48FB4DC5}.Release|x64.ActiveCfg = Release|x64
		{8EC21311-58BA-4A3F-9518-547D48FB4DC5}.Release|x64.Build.0 = Release|x64
		{8EC21311-58BA-4A3F-9518-547D48FB4DC5}.Release|x86.ActiveCfg = Release|Win32
		{8EC21311-58BA-4A3F-9518-547D48FB4DC5}.Release|x86.Build.0 = Release|Win32
		{B40DF9D3-D3A0-4946-A76A-61C136D52E66}.Debug|x64.ActiveCfg = Debug|x64
		{B40DF9D3-D3A0-4946-A76A-61C136D52E66}.Debug|x64.Build.0 = Debug|x64
		{B40DF9D3-D3A0-4946-A76A-61C136D52E66}.Debug|x86.ActiveCfg = Debug|Win32
		{B40DF9D3-D3A0-4946-A76A-61C136D52E66}.Debug|x86.Build.0 = Debug|Win32
		{B40DF9D3-D3A0-4946-A76A-61C136D52E66}.Release|x64.ActiveCfg = Release|x64
		{B40DF9D3-D3A0-4946-A76A-61C136D52E66}.Release|x64.Build.0 = Release|x64
		{B40DF9D3-D3A0-4946-A76A-61C136D52E66}.Release|x86.ActiveCfg = Release|Win32
		{B40DF9D3-D3A0-4946-A76A-61C136D52E66}.Release|x86.Build.0 = Release|Win32
		{4576DA77-EB8C-4970-9CA3-0069864127C8}.Debug|x64.ActiveCfg = Debug|x64
		{4576DA77-EB8C-4970-9CA3-0069864127C8}.Debug|x64.Build.0 = Debug|x64
		{4576DA77-EB8C-4970-9CA3-0069864127C8}.Debug|x86.ActiveCfg = Debug|Win32
		{4576DA77-EB8C-4970-9CA3-0069864127C8}.Debug|x86.Build.0 = Debug|Win32
		{4576DA77-EB8C-4970-9CA3-0069864127C8}.Release|x64.ActiveCfg = Release|x64
		{4576DA77-EB8C-4970-9CA3-0069864127C8}.Release|x64.Build.0 = Release|x64
		{4576DA77-EB8C-4970-9CA3-0069864127C8}.Release|x86.ActiveCfg = Release|Win32
		{4576DA77-EB8C-4970-9CA3-0069864127C8}.Release|x86.Build.0 = Release|Win32
		{E6182BC8-E3F1-47A7-98E0-32DD27825124}.Debug|x64.ActiveCfg = Debug|x64
		{E6182BC8-E3F1-47A7-98E0-32DD27825124}.Debug|x64.Build.0 = Debug|x64
		{E6182BC8-E3F1-47A7-98E0-32DD27825124}.Debug|x86.ActiveCfg = Debug|Win32
		{E6182BC8-E3F1-47A7-98E0-32DD27825124}.Debug|x86.Build.0 = Debug|Win32
		{E6182BC8-E3F1-47A7-98E0-32DD27825124}.Release|x64.ActiveCfg = Release|x64
		{E6182BC8-E3F1-47A7-98E0-32DD27825124}.Release|x64.Build.0 = Release|x64
		{E6182BC8-E3F1-47A7-98E0-32DD27825124}.Release|x86.ActiveCfg = Release|Win32
		{E6182BC8-E3F1-47A7-98E0-32DD27825124}.Release|x86.Build.0 = Release|Win32
		{A9B84968-87CC-4F7C-ACCA-D627737D4515}.Debug|x64.ActiveCfg = Debug|x64
		{A9B84968-87CC-4F7C-ACCA-D627737D4515}.Debug|x64.Build.0 = Debug|x64
		{A9B84968-87CC-4F7C-ACCA-D627737D4515}.Debug|x86.ActiveCfg = Debug|Win32
		{A9B84968-87CC-4F7C-ACCA-D627737D4515}.Debug|x86.Build.0 = Debug|Win32
		{A9B84968-87CC-4F7C-ACCA-D627737D4515}.Release|x64.ActiveCfg = Release|x64
		{A9B84968-87CC-4F7C-ACCA-D627737D4515}.Release|x64.Build.0 = Release|x64
		{A9B84968-87CC-4F7C-ACCA-D627737D4515}.Release|x86.ActiveCfg = Release|Win32
		{A9B84968-87CC-4F7C-ACCA-D627737D4515}.Release|x86.Build.0 = Release|Win32
		{48E86E8C-5615-47D1-88C9-4CB03B1359C7}.Debug|x64.ActiveCfg = Debug|x64
		{48E86E8C-5615-47D1-88C9-4CB03B1359C7}.Debug|x64.Build.0 = Debug|x64
		{48E86E8C-5615-47D1-88C9-4CB03B1359C7}.Debug|x86.ActiveCfg = Debug|Win32
		{48E86E8C-5615-47D1-88C9-4CB03B1359C7}.Debug|x86.Build.0 = Debug|Win32
		{48E86E8C-5615-47D1-88C9-4CB03B1359C7}.Release|x64.ActiveCfg = Release|x64
		{48E86E8C-5615-47D1-88C9-4CB03B1359C7}.Release|x64.Build.0 = Release|x64
		{48E86E8C-5615-47D1-88C9-4CB03B1359C7}.Release|x86.ActiveCfg = Release|Win32
		{48E86E8C-5615-47D1-88C9-4CB03B1359C7}.Release|x86.Build.0 = Release|Win32
		{AF296F00-C8AA-46EB-A0B2-4044349C6896}.Debug|x64.ActiveCfg = Debug|x64
		{AF296F00-C8AA-46EB-A0B2-4044349C6896}.Debug|x64.Build.0 = Debug|x64
		{AF296F00-C8AA-46EB-A0B2-4044349C6896}.Debug|x86.ActiveCfg = Debug|Win32
		{AF296F00-C8AA-46EB-A0B2-4044349C6896}.Debug|x86.Build.0 = Debug|Win32
		{AF296F00-C8AA-46EB-A0B2-4044349C6896}.Release|x64.ActiveCfg = Release|x64
		{AF296F00-C8AA-46EB-A0B2-4044349C6896}.Release|x64.Build.0 = Release|x64
		{AF296F00-C8AA-46EB-A0B2-4044349C6896}.Release|x86.ActiveCfg = Release|Win32
		{AF296F00-C8AA-46EB-A0B2-4044349C6896}.Release|x86.Build.0 = Release|Win32
		{8735CC2E-6398-48B1-A60F-3F1C34F1F737}.Debug|x64.ActiveCfg = Debug|x64
		{8735CC2E-6398-48B1-A60F-3F1C34F1F737}.Debug|x64.Build.0 = Debug|x64
		{8735CC2E-6398-48B1-A60F-3F1C34F1F737}.Debug|x86.ActiveCfg = Debug|Win32
		{8735CC2E-6398-48B1-A60F-3F1C34F1F737}.Debug|x86.Build.0 = Debug|Win32
		{8735CC2E-6398-48B1-A60F-3F1C34F1F737}.Release|x64.ActiveCfg = Release|x64
		{8735CC2E-6398-48B1-A60F-3F1C34F1F737}.Release|x64.Build.0 = Release|x64
		{8735CC2E-6398-48B1-A60F-3F1C34F1F737}.Release|x86.ActiveCfg = Release|Win32
		{8735CC2E-6398-48B1-A60F-3F1C34F1F737}.Release|x86.Build.0 = Release|Win32
		{986A2811-1C79-4FE3-A167-23BBC5E50AD4}.Debug|x64.ActiveCfg = Debug|x64
		{986A2811-1C79-4FE3-A167-23BBC5E50AD4}.Debug|x64.Build.0 = Debug|x64
		{986A2811-1C79-4FE3-A167-23BBC5E50AD4}.Debug|x86.ActiveCfg = Debug|Win32
		{986A2811-1C79-4FE3-A167-23BBC5E50AD4}.Debug|x86.Build.0 = Debug|Win32
		{986A2811-1C79-4FE3-A167-23BBC5E50AD4}.Release|x64.ActiveCfg = Release|x64
		{986A2811-1C79-4FE3-A167-23BBC5E50AD4}.Release|x64.Build.0 = Release|x64
		{986A2811-1C79-4FE3-A167-23BBC5E50AD4}.Release|x86.ActiveCfg = Release|Win32
		{986A2811-1C79-4FE3-A167-23BBC5E50AD4}.Release|x86.Build.0 = Release|Win32
		{441974AF-53A6-40CE-9630-5E1AB7926EF3}.Debug|x64.ActiveCfg = Debug|x64
		{441974AF-53A6-40CE-9630-5E1AB7926EF3}.Debug|x64.Build.0 = Debug|x64
		{441974AF-53A6-40CE-9630-5E1AB7926EF3}.Debug|x86.ActiveCfg = Debug|Win32
		{441974AF-53A6-40CE-9630-5E1AB7926EF3}.Debug|x86.Build.0 = Debug|Win32
		{441974AF-53A6-40CE-9630-5E1AB7926EF3}.Release|x64.ActiveCfg = Release|x64
		{441974AF-53A6-40CE-9630-5E1AB7926EF3}.Release|x64.Build.0 = Release|x64
		{441974AF-53A6-40CE-9630-5E1AB7926EF3}.Release|x86.ActiveCfg = Release|Win32
		{441974AF-53A6-40CE-9630-5E1AB7926EF3}.Release|x86.Build.0 = Release|Win32
		{2B017837-63F2-46EE-9916-BA0AC6A02DF1}.Debug|x64.ActiveCfg = Debug|x64
		{2B017837-63F2-46EE-9916-BA0AC6A02DF1}.Debug|x64.Build.0 = Debug|x64
		{2B017837-63F2-46EE-9916-BA0AC6A02DF1}.Debug|x86.ActiveCfg = Debug|Win32
		{2B017837-63F2-46EE-9916-BA0AC6A02DF1}.Debug|x86.Build.0 = Debug|Win32
		{2B017837-63F2-46EE-9916-BA0AC6A02DF1}.Release|x64.ActiveCfg = Release|x64
		{2B017837-63F2-46EE-9916-BA0AC6A02DF1}.Release|x64.Build.0 = Release|x64
		{2B017837-63F2-46EE-9916-BA0AC6A02DF1}.Release|x86.ActiveCfg = Release|Win32
		{2B017837-63F2-46EE-9916-BA0AC6A02DF1}.Release|x86.Build.0 = Release|Win32
		{6EEE99C2-C1E5-422E-A3E8-2F5694F419FD}.Debug|x64.ActiveCfg = Debug|x64
		{6EEE99C2-C1E5-422E-A3E8-2F5694F419FD}.Debug|x64.Build.0 = Debug|x64
		{6EEE99C2-C1E5-422E-A3E8-2F5694F419FD}.Debug|x86.ActiveCfg = Debug|Win32
		{6EEE99C2-C1E5-422E-A3E8-2F5694F419FD}.Debug|x86.Build.0 = Debug|Win32
		{6EEE99C2-C1E5-422E-A3E8-2F5694F419FD}.Release|x64.ActiveCfg = Release|x64
		{6EEE99C2-C1E5-422E-A3E8-2F5694F419FD}.Release|x64.Build.0 = Release|x64
		{6EEE99C2-C1E5-422E-A3E8-2F5694F419FD}.Release|x86.ActiveCfg = Release|Win32
		{6EEE99C2-C1E5-422E-A3E8-2F5694F419FD}.Release|x86.Build.0 = Release|Win32
		{07A1EDD4-3A59-4257-9461-EC7FF4F361BA}.Debug|x64.ActiveCfg = Debug|x64
		{07A1EDD4-3A59-4257-9461-EC7FF4F361BA}.Debug|x64.Build.0 = Debug|x64
		{07A1EDD4-3A59-4257-9461-EC7FF4F361BA}.Debug|x86.ActiveCfg = Debug|Win32
		{07A1EDD4-3A59-4257-9461-EC7FF4F361BA}.Debug|x86.Build.0 = Debug|Win32
		{07A1EDD4-3A59-4257-9461-EC7FF4F361BA}.Release|x64.ActiveCfg = Release|x64
		{07A1EDD4-3A59-4257-9461-EC7FF4F361BA}.Release|x64.Build.0 = Release|x64
		{07A1EDD4-3A59-4257-9461-EC7FF4F361BA}.Release|x86.ActiveCfg = Release|Win32
		{07A1EDD4-3A59-4257-9461-EC7FF4F361BA}.Release|x86.Build.0 = Release|Win32
		{F9AE49E1-162A-445A-A47D-867775DC1581}.Debug|x64.ActiveCfg = Debug|x64
		{F9AE49E1-162A-445A-A47D-867775DC1581}.Debug|x64.Build.0 = Debug|x64
		{F9AE49E1-162A-445A-A47D-867775DC1581}.Debug|x86.ActiveCfg = Debug|Win32
		{F9AE49E1-162A-445A-A47D-867775DC1581}.Debug|x86.Build.0 = Debug|Win32
		{F9AE49E1-162A-445A-A47D-867775DC1581}.Release|x64.ActiveCfg = Release|x64
		{F9AE49E1-162A-445A-A47D-867775DC1581}.Release|x64.Build.0 = Release|x64
		{F9AE49E1-162A-445A-A47D-867775DC1581}.Release|x86.ActiveCfg = Release|Win32
		{F9AE49E1-162A-445A-A47D-867775DC1581}.Release|x86.Build.0 = Release|Win32
		{656D1110-1235-483A-A448-2966281D72E4}.Debug|x64.ActiveCfg = Debug|x64
		{656D1110-1235-483A-A448-2966281D72E4}.Debug|x64.Build.0 = Debug|x64
		{656D1110-1235-483A-A448-2966281D72E4}.Debug|x86.ActiveCfg = Debug|Win32
		{656D1110-1235-483A-A448-2966281D72E4}.Debug|x86.Build.0 = Debug|Win32
		{656D1110-1235-483A-A448-2966281D72E4}.Release|x64.ActiveCfg = Release|x64
		{656D1110-1235-483A-A448-2966281D72E4}.Release|x64.Build.0 = Release|x64
		{656D1110-1235-483A-A448-2966281D72E4}.Release|x86.ActiveCfg = Release|Win32
		{656D1110-1235-483A-A448-2966281D72E4}.Release|x86.Build.0 = Release|Win32
	EndGlobalSection
	GlobalSection(SolutionProperties) = preSolution
		HideSolutionNode = FALSE
	EndGlobalSection
	GlobalSection(ExtensibilityGlobals) = postSolution
		SolutionGuid = {3FF1FCE5-01BB-44C6-BC1D-C2030B4C638A}
	EndGlobalSection
EndGlobal
