
Microsoft Visual Studio Solution File, Format Version 12.00
# Visual Studio Version 16
VisualStudioVersion = 16.0.30523.141
MinimumVisualStudioVersion = 10.0.40219.1
Project("{8BC9CEB8-8B4A-11D0-8D11-00A0C91BC942}") = "1_4949", "1_4949\1_4949.vcxproj", "{2B93AFA3-F39A-40FA-907F-6E4C072FCA52}"
EndProject
Project("{8BC9CEB8-8B4A-11D0-8D11-00A0C91BC942}") = "2_1874", "2_1874\2_1874.vcxproj", "{F84FC303-92B0-41AF-A4B7-FE8DA0FE97BB}"
EndProject
Project("{8BC9CEB8-8B4A-11D0-8D11-00A0C91BC942}") = "3_1021", "3_1021\3_1021.vcxproj", "{F7AD911C-53B5-4D17-938E-DF8411B9CE36}"
EndProject
Project("{8BC9CEB8-8B4A-11D0-8D11-00A0C91BC942}") = "3_1021_2", "3_1021_2\3_1021_2.vcxproj", "{602A4262-585F-416C-86AE-20FCEB57BD7C}"
EndProject
Project("{8BC9CEB8-8B4A-11D0-8D11-00A0C91BC942}") = "4_5430", "4_5430\4_5430.vcxproj", "{E1C31317-F301-461F-B703-5BB034ED6CC8}"
EndProject
Project("{8BC9CEB8-8B4A-11D0-8D11-00A0C91BC942}") = "5_1654", "5_1654\5_1654.vcxproj", "{6DB5480F-0325-439F-B765-D5D0F4295B81}"
EndProject
Project("{8BC9CEB8-8B4A-11D0-8D11-00A0C91BC942}") = "6_2178", "6_2178\6_2178.vcxproj", "{001292D7-62F3-4F69-8AD5-3C4EC99E0474}"
EndProject
Project("{8BC9CEB8-8B4A-11D0-8D11-00A0C91BC942}") = "testCode", "testCode\testCode.vcxproj", "{EA56D8DC-FE9A-48CA-A570-90F13E406483}"
EndProject
Global
	GlobalSection(SolutionConfigurationPlatforms) = preSolution
		Debug|x64 = Debug|x64
		Debug|x86 = Debug|x86
		Release|x64 = Release|x64
		Release|x86 = Release|x86
	EndGlobalSection
	GlobalSection(ProjectConfigurationPlatforms) = postSolution
		{2B93AFA3-F39A-40FA-907F-6E4C072FCA52}.Debug|x64.ActiveCfg = Debug|x64
		{2B93AFA3-F39A-40FA-907F-6E4C072FCA52}.Debug|x64.Build.0 = Debug|x64
		{2B93AFA3-F39A-40FA-907F-6E4C072FCA52}.Debug|x86.ActiveCfg = Debug|Win32
		{2B93AFA3-F39A-40FA-907F-6E4C072FCA52}.Debug|x86.Build.0 = Debug|Win32
		{2B93AFA3-F39A-40FA-907F-6E4C072FCA52}.Release|x64.ActiveCfg = Release|x64
		{2B93AFA3-F39A-40FA-907F-6E4C072FCA52}.Release|x64.Build.0 = Release|x64
		{2B93AFA3-F39A-40FA-907F-6E4C072FCA52}.Release|x86.ActiveCfg = Release|Win32
		{2B93AFA3-F39A-40FA-907F-6E4C072FCA52}.Release|x86.Build.0 = Release|Win32
		{F84FC303-92B0-41AF-A4B7-FE8DA0FE97BB}.Debug|x64.ActiveCfg = Debug|x64
		{F84FC303-92B0-41AF-A4B7-FE8DA0FE97BB}.Debug|x64.Build.0 = Debug|x64
		{F84FC303-92B0-41AF-A4B7-FE8DA0FE97BB}.Debug|x86.ActiveCfg = Debug|Win32
		{F84FC303-92B0-41AF-A4B7-FE8DA0FE97BB}.Debug|x86.Build.0 = Debug|Win32
		{F84FC303-92B0-41AF-A4B7-FE8DA0FE97BB}.Release|x64.ActiveCfg = Release|x64
		{F84FC303-92B0-41AF-A4B7-FE8DA0FE97BB}.Release|x64.Build.0 = Release|x64
		{F84FC303-92B0-41AF-A4B7-FE8DA0FE97BB}.Release|x86.ActiveCfg = Release|Win32
		{F84FC303-92B0-41AF-A4B7-FE8DA0FE97BB}.Release|x86.Build.0 = Release|Win32
		{F7AD911C-53B5-4D17-938E-DF8411B9CE36}.Debug|x64.ActiveCfg = Debug|x64
		{F7AD911C-53B5-4D17-938E-DF8411B9CE36}.Debug|x64.Build.0 = Debug|x64
		{F7AD911C-53B5-4D17-938E-DF8411B9CE36}.Debug|x86.ActiveCfg = Debug|Win32
		{F7AD911C-53B5-4D17-938E-DF8411B9CE36}.Debug|x86.Build.0 = Debug|Win32
		{F7AD911C-53B5-4D17-938E-DF8411B9CE36}.Release|x64.ActiveCfg = Release|x64
		{F7AD911C-53B5-4D17-938E-DF8411B9CE36}.Release|x64.Build.0 = Release|x64
		{F7AD911C-53B5-4D17-938E-DF8411B9CE36}.Release|x86.ActiveCfg = Release|Win32
		{F7AD911C-53B5-4D17-938E-DF8411B9CE36}.Release|x86.Build.0 = Release|Win32
		{602A4262-585F-416C-86AE-20FCEB57BD7C}.Debug|x64.ActiveCfg = Debug|x64
		{602A4262-585F-416C-86AE-20FCEB57BD7C}.Debug|x64.Build.0 = Debug|x64
		{602A4262-585F-416C-86AE-20FCEB57BD7C}.Debug|x86.ActiveCfg = Debug|Win32
		{602A4262-585F-416C-86AE-20FCEB57BD7C}.Debug|x86.Build.0 = Debug|Win32
		{602A4262-585F-416C-86AE-20FCEB57BD7C}.Release|x64.ActiveCfg = Release|x64
		{602A4262-585F-416C-86AE-20FCEB57BD7C}.Release|x64.Build.0 = Release|x64
		{602A4262-585F-416C-86AE-20FCEB57BD7C}.Release|x86.ActiveCfg = Release|Win32
		{602A4262-585F-416C-86AE-20FCEB57BD7C}.Release|x86.Build.0 = Release|Win32
		{E1C31317-F301-461F-B703-5BB034ED6CC8}.Debug|x64.ActiveCfg = Debug|x64
		{E1C31317-F301-461F-B703-5BB034ED6CC8}.Debug|x64.Build.0 = Debug|x64
		{E1C31317-F301-461F-B703-5BB034ED6CC8}.Debug|x86.ActiveCfg = Debug|Win32
		{E1C31317-F301-461F-B703-5BB034ED6CC8}.Debug|x86.Build.0 = Debug|Win32
		{E1C31317-F301-461F-B703-5BB034ED6CC8}.Release|x64.ActiveCfg = Release|x64
		{E1C31317-F301-461F-B703-5BB034ED6CC8}.Release|x64.Build.0 = Release|x64
		{E1C31317-F301-461F-B703-5BB034ED6CC8}.Release|x86.ActiveCfg = Release|Win32
		{E1C31317-F301-461F-B703-5BB034ED6CC8}.Release|x86.Build.0 = Release|Win32
		{6DB5480F-0325-439F-B765-D5D0F4295B81}.Debug|x64.ActiveCfg = Debug|x64
		{6DB5480F-0325-439F-B765-D5D0F4295B81}.Debug|x64.Build.0 = Debug|x64
		{6DB5480F-0325-439F-B765-D5D0F4295B81}.Debug|x86.ActiveCfg = Debug|Win32
		{6DB5480F-0325-439F-B765-D5D0F4295B81}.Debug|x86.Build.0 = Debug|Win32
		{6DB5480F-0325-439F-B765-D5D0F4295B81}.Release|x64.ActiveCfg = Release|x64
		{6DB5480F-0325-439F-B765-D5D0F4295B81}.Release|x64.Build.0 = Release|x64
		{6DB5480F-0325-439F-B765-D5D0F4295B81}.Release|x86.ActiveCfg = Release|Win32
		{6DB5480F-0325-439F-B765-D5D0F4295B81}.Release|x86.Build.0 = Release|Win32
		{001292D7-62F3-4F69-8AD5-3C4EC99E0474}.Debug|x64.ActiveCfg = Debug|x64
		{001292D7-62F3-4F69-8AD5-3C4EC99E0474}.Debug|x64.Build.0 = Debug|x64
		{001292D7-62F3-4F69-8AD5-3C4EC99E0474}.Debug|x86.ActiveCfg = Debug|Win32
		{001292D7-62F3-4F69-8AD5-3C4EC99E0474}.Debug|x86.Build.0 = Debug|Win32
		{001292D7-62F3-4F69-8AD5-3C4EC99E0474}.Release|x64.ActiveCfg = Release|x64
		{001292D7-62F3-4F69-8AD5-3C4EC99E0474}.Release|x64.Build.0 = Release|x64
		{001292D7-62F3-4F69-8AD5-3C4EC99E0474}.Release|x86.ActiveCfg = Release|Win32
		{001292D7-62F3-4F69-8AD5-3C4EC99E0474}.Release|x86.Build.0 = Release|Win32
		{EA56D8DC-FE9A-48CA-A570-90F13E406483}.Debug|x64.ActiveCfg = Debug|x64
		{EA56D8DC-FE9A-48CA-A570-90F13E406483}.Debug|x64.Build.0 = Debug|x64
		{EA56D8DC-FE9A-48CA-A570-90F13E406483}.Debug|x86.ActiveCfg = Debug|Win32
		{EA56D8DC-FE9A-48CA-A570-90F13E406483}.Debug|x86.Build.0 = Debug|Win32
		{EA56D8DC-FE9A-48CA-A570-90F13E406483}.Release|x64.ActiveCfg = Release|x64
		{EA56D8DC-FE9A-48CA-A570-90F13E406483}.Release|x64.Build.0 = Release|x64
		{EA56D8DC-FE9A-48CA-A570-90F13E406483}.Release|x86.ActiveCfg = Release|Win32
		{EA56D8DC-FE9A-48CA-A570-90F13E406483}.Release|x86.Build.0 = Release|Win32
	EndGlobalSection
	GlobalSection(SolutionProperties) = preSolution
		HideSolutionNode = FALSE
	EndGlobalSection
	GlobalSection(ExtensibilityGlobals) = postSolution
		SolutionGuid = {DF4E67BF-3937-4286-A9ED-A7555B1D5C8C}
	EndGlobalSection
EndGlobal
