
Microsoft Visual Studio Solution File, Format Version 12.00
# Visual Studio Version 16
VisualStudioVersion = 16.0.31112.23
MinimumVisualStudioVersion = 10.0.40219.1
Project("{8BC9CEB8-8B4A-11D0-8D11-00A0C91BC942}") = "4949", "4949\4949.vcxproj", "{9838CBCD-FD8E-46F5-AF89-AA4D163D4D2A}"
EndProject
Project("{8BC9CEB8-8B4A-11D0-8D11-00A0C91BC942}") = "1874", "1874\1874.vcxproj", "{7AB11DFC-5D2C-464D-AEE3-0DB2EC152DC3}"
EndProject
Project("{8BC9CEB8-8B4A-11D0-8D11-00A0C91BC942}") = "5430", "5430\5430.vcxproj", "{DE64C5CC-C8E5-4BFB-8779-EEE83263BF04}"
EndProject
Project("{8BC9CEB8-8B4A-11D0-8D11-00A0C91BC942}") = "test", "test\test.vcxproj", "{A2A20F3C-807E-466B-AD13-5F071A96F6AB}"
EndProject
Project("{8BC9CEB8-8B4A-11D0-8D11-00A0C91BC942}") = "17298", "17298\17298.vcxproj", "{D946B735-D725-4E95-8857-8435D3421F1F}"
EndProject
Project("{8BC9CEB8-8B4A-11D0-8D11-00A0C91BC942}") = "2493", "2493\2493.vcxproj", "{2B099897-8116-4245-80F7-62FF551ACED9}"
EndProject
Project("{8BC9CEB8-8B4A-11D0-8D11-00A0C91BC942}") = "1033", "1033\1033.vcxproj", "{F0B07C4B-121A-4BEA-AB5D-D990C338EC5F}"
EndProject
Project("{8BC9CEB8-8B4A-11D0-8D11-00A0C91BC942}") = "testcpp", "testcpp\testcpp.vcxproj", "{548D75E9-791F-4039-8B66-D1BCF6552488}"
EndProject
Project("{8BC9CEB8-8B4A-11D0-8D11-00A0C91BC942}") = "1021", "1021\1021.vcxproj", "{C645A952-9631-499D-AF40-0541E664B9E8}"
EndProject
Project("{8BC9CEB8-8B4A-11D0-8D11-00A0C91BC942}") = "1654", "1654\1654.vcxproj", "{46F68213-BCC1-4464-8633-E0418EB41D38}"
EndProject
Project("{8BC9CEB8-8B4A-11D0-8D11-00A0C91BC942}") = "1011", "1011\1011.vcxproj", "{6712E15D-319F-4965-8D57-C84DBB1EBB30}"
EndProject
Project("{8BC9CEB8-8B4A-11D0-8D11-00A0C91BC942}") = "1016", "1016\1016.vcxproj", "{B5213121-7FBE-44FD-9B43-3E4AC8507364}"
EndProject
Project("{8BC9CEB8-8B4A-11D0-8D11-00A0C91BC942}") = "2630", "2630\2630.vcxproj", "{F773D1D2-ADC2-4EA7-9E9E-EDD50EB82826}"
EndProject
Project("{8BC9CEB8-8B4A-11D0-8D11-00A0C91BC942}") = "2110", "2110\2110.vcxproj", "{A8FE4F95-28C0-4010-B141-340AAAEC2948}"
EndProject
Project("{8BC9CEB8-8B4A-11D0-8D11-00A0C91BC942}") = "2178", "2178\2178.vcxproj", "{30DF5661-89C0-45E8-A6F4-2D377C3AE53C}"
EndProject
Project("{8BC9CEB8-8B4A-11D0-8D11-00A0C91BC942}") = "18870", "18870\18870.vcxproj", "{35B9C441-720C-4235-B33B-339CA9C39720}"
EndProject
Project("{8BC9CEB8-8B4A-11D0-8D11-00A0C91BC942}") = "1956", "1956\1956.vcxproj", "{2CF315F5-ACAF-4DD1-A90E-6E275921DC58}"
EndProject
Global
	GlobalSection(SolutionConfigurationPlatforms) = preSolution
		Debug|x64 = Debug|x64
		Debug|x86 = Debug|x86
		Release|x64 = Release|x64
		Release|x86 = Release|x86
	EndGlobalSection
	GlobalSection(ProjectConfigurationPlatforms) = postSolution
		{9838CBCD-FD8E-46F5-AF89-AA4D163D4D2A}.Debug|x64.ActiveCfg = Debug|x64
		{9838CBCD-FD8E-46F5-AF89-AA4D163D4D2A}.Debug|x64.Build.0 = Debug|x64
		{9838CBCD-FD8E-46F5-AF89-AA4D163D4D2A}.Debug|x86.ActiveCfg = Debug|Win32
		{9838CBCD-FD8E-46F5-AF89-AA4D163D4D2A}.Debug|x86.Build.0 = Debug|Win32
		{9838CBCD-FD8E-46F5-AF89-AA4D163D4D2A}.Release|x64.ActiveCfg = Release|x64
		{9838CBCD-FD8E-46F5-AF89-AA4D163D4D2A}.Release|x64.Build.0 = Release|x64
		{9838CBCD-FD8E-46F5-AF89-AA4D163D4D2A}.Release|x86.ActiveCfg = Release|Win32
		{9838CBCD-FD8E-46F5-AF89-AA4D163D4D2A}.Release|x86.Build.0 = Release|Win32
		{7AB11DFC-5D2C-464D-AEE3-0DB2EC152DC3}.Debug|x64.ActiveCfg = Debug|x64
		{7AB11DFC-5D2C-464D-AEE3-0DB2EC152DC3}.Debug|x64.Build.0 = Debug|x64
		{7AB11DFC-5D2C-464D-AEE3-0DB2EC152DC3}.Debug|x86.ActiveCfg = Debug|Win32
		{7AB11DFC-5D2C-464D-AEE3-0DB2EC152DC3}.Debug|x86.Build.0 = Debug|Win32
		{7AB11DFC-5D2C-464D-AEE3-0DB2EC152DC3}.Release|x64.ActiveCfg = Release|x64
		{7AB11DFC-5D2C-464D-AEE3-0DB2EC152DC3}.Release|x64.Build.0 = Release|x64
		{7AB11DFC-5D2C-464D-AEE3-0DB2EC152DC3}.Release|x86.ActiveCfg = Release|Win32
		{7AB11DFC-5D2C-464D-AEE3-0DB2EC152DC3}.Release|x86.Build.0 = Release|Win32
		{DE64C5CC-C8E5-4BFB-8779-EEE83263BF04}.Debug|x64.ActiveCfg = Debug|x64
		{DE64C5CC-C8E5-4BFB-8779-EEE83263BF04}.Debug|x64.Build.0 = Debug|x64
		{DE64C5CC-C8E5-4BFB-8779-EEE83263BF04}.Debug|x86.ActiveCfg = Debug|Win32
		{DE64C5CC-C8E5-4BFB-8779-EEE83263BF04}.Debug|x86.Build.0 = Debug|Win32
		{DE64C5CC-C8E5-4BFB-8779-EEE83263BF04}.Release|x64.ActiveCfg = Release|x64
		{DE64C5CC-C8E5-4BFB-8779-EEE83263BF04}.Release|x64.Build.0 = Release|x64
		{DE64C5CC-C8E5-4BFB-8779-EEE83263BF04}.Release|x86.ActiveCfg = Release|Win32
		{DE64C5CC-C8E5-4BFB-8779-EEE83263BF04}.Release|x86.Build.0 = Release|Win32
		{A2A20F3C-807E-466B-AD13-5F071A96F6AB}.Debug|x64.ActiveCfg = Debug|x64
		{A2A20F3C-807E-466B-AD13-5F071A96F6AB}.Debug|x64.Build.0 = Debug|x64
		{A2A20F3C-807E-466B-AD13-5F071A96F6AB}.Debug|x86.ActiveCfg = Debug|Win32
		{A2A20F3C-807E-466B-AD13-5F071A96F6AB}.Debug|x86.Build.0 = Debug|Win32
		{A2A20F3C-807E-466B-AD13-5F071A96F6AB}.Release|x64.ActiveCfg = Release|x64
		{A2A20F3C-807E-466B-AD13-5F071A96F6AB}.Release|x64.Build.0 = Release|x64
		{A2A20F3C-807E-466B-AD13-5F071A96F6AB}.Release|x86.ActiveCfg = Release|Win32
		{A2A20F3C-807E-466B-AD13-5F071A96F6AB}.Release|x86.Build.0 = Release|Win32
		{D946B735-D725-4E95-8857-8435D3421F1F}.Debug|x64.ActiveCfg = Debug|x64
		{D946B735-D725-4E95-8857-8435D3421F1F}.Debug|x64.Build.0 = Debug|x64
		{D946B735-D725-4E95-8857-8435D3421F1F}.Debug|x86.ActiveCfg = Debug|Win32
		{D946B735-D725-4E95-8857-8435D3421F1F}.Debug|x86.Build.0 = Debug|Win32
		{D946B735-D725-4E95-8857-8435D3421F1F}.Release|x64.ActiveCfg = Release|x64
		{D946B735-D725-4E95-8857-8435D3421F1F}.Release|x64.Build.0 = Release|x64
		{D946B735-D725-4E95-8857-8435D3421F1F}.Release|x86.ActiveCfg = Release|Win32
		{D946B735-D725-4E95-8857-8435D3421F1F}.Release|x86.Build.0 = Release|Win32
		{2B099897-8116-4245-80F7-62FF551ACED9}.Debug|x64.ActiveCfg = Debug|x64
		{2B099897-8116-4245-80F7-62FF551ACED9}.Debug|x64.Build.0 = Debug|x64
		{2B099897-8116-4245-80F7-62FF551ACED9}.Debug|x86.ActiveCfg = Debug|Win32
		{2B099897-8116-4245-80F7-62FF551ACED9}.Debug|x86.Build.0 = Debug|Win32
		{2B099897-8116-4245-80F7-62FF551ACED9}.Release|x64.ActiveCfg = Release|x64
		{2B099897-8116-4245-80F7-62FF551ACED9}.Release|x64.Build.0 = Release|x64
		{2B099897-8116-4245-80F7-62FF551ACED9}.Release|x86.ActiveCfg = Release|Win32
		{2B099897-8116-4245-80F7-62FF551ACED9}.Release|x86.Build.0 = Release|Win32
		{F0B07C4B-121A-4BEA-AB5D-D990C338EC5F}.Debug|x64.ActiveCfg = Debug|x64
		{F0B07C4B-121A-4BEA-AB5D-D990C338EC5F}.Debug|x64.Build.0 = Debug|x64
		{F0B07C4B-121A-4BEA-AB5D-D990C338EC5F}.Debug|x86.ActiveCfg = Debug|Win32
		{F0B07C4B-121A-4BEA-AB5D-D990C338EC5F}.Debug|x86.Build.0 = Debug|Win32
		{F0B07C4B-121A-4BEA-AB5D-D990C338EC5F}.Release|x64.ActiveCfg = Release|x64
		{F0B07C4B-121A-4BEA-AB5D-D990C338EC5F}.Release|x64.Build.0 = Release|x64
		{F0B07C4B-121A-4BEA-AB5D-D990C338EC5F}.Release|x86.ActiveCfg = Release|Win32
		{F0B07C4B-121A-4BEA-AB5D-D990C338EC5F}.Release|x86.Build.0 = Release|Win32
		{548D75E9-791F-4039-8B66-D1BCF6552488}.Debug|x64.ActiveCfg = Debug|x64
		{548D75E9-791F-4039-8B66-D1BCF6552488}.Debug|x64.Build.0 = Debug|x64
		{548D75E9-791F-4039-8B66-D1BCF6552488}.Debug|x86.ActiveCfg = Debug|Win32
		{548D75E9-791F-4039-8B66-D1BCF6552488}.Debug|x86.Build.0 = Debug|Win32
		{548D75E9-791F-4039-8B66-D1BCF6552488}.Release|x64.ActiveCfg = Release|x64
		{548D75E9-791F-4039-8B66-D1BCF6552488}.Release|x64.Build.0 = Release|x64
		{548D75E9-791F-4039-8B66-D1BCF6552488}.Release|x86.ActiveCfg = Release|Win32
		{548D75E9-791F-4039-8B66-D1BCF6552488}.Release|x86.Build.0 = Release|Win32
		{C645A952-9631-499D-AF40-0541E664B9E8}.Debug|x64.ActiveCfg = Debug|x64
		{C645A952-9631-499D-AF40-0541E664B9E8}.Debug|x64.Build.0 = Debug|x64
		{C645A952-9631-499D-AF40-0541E664B9E8}.Debug|x86.ActiveCfg = Debug|Win32
		{C645A952-9631-499D-AF40-0541E664B9E8}.Debug|x86.Build.0 = Debug|Win32
		{C645A952-9631-499D-AF40-0541E664B9E8}.Release|x64.ActiveCfg = Release|x64
		{C645A952-9631-499D-AF40-0541E664B9E8}.Release|x64.Build.0 = Release|x64
		{C645A952-9631-499D-AF40-0541E664B9E8}.Release|x86.ActiveCfg = Release|Win32
		{C645A952-9631-499D-AF40-0541E664B9E8}.Release|x86.Build.0 = Release|Win32
		{46F68213-BCC1-4464-8633-E0418EB41D38}.Debug|x64.ActiveCfg = Debug|x64
		{46F68213-BCC1-4464-8633-E0418EB41D38}.Debug|x64.Build.0 = Debug|x64
		{46F68213-BCC1-4464-8633-E0418EB41D38}.Debug|x86.ActiveCfg = Debug|Win32
		{46F68213-BCC1-4464-8633-E0418EB41D38}.Debug|x86.Build.0 = Debug|Win32
		{46F68213-BCC1-4464-8633-E0418EB41D38}.Release|x64.ActiveCfg = Release|x64
		{46F68213-BCC1-4464-8633-E0418EB41D38}.Release|x64.Build.0 = Release|x64
		{46F68213-BCC1-4464-8633-E0418EB41D38}.Release|x86.ActiveCfg = Release|Win32
		{46F68213-BCC1-4464-8633-E0418EB41D38}.Release|x86.Build.0 = Release|Win32
		{6712E15D-319F-4965-8D57-C84DBB1EBB30}.Debug|x64.ActiveCfg = Debug|x64
		{6712E15D-319F-4965-8D57-C84DBB1EBB30}.Debug|x64.Build.0 = Debug|x64
		{6712E15D-319F-4965-8D57-C84DBB1EBB30}.Debug|x86.ActiveCfg = Debug|Win32
		{6712E15D-319F-4965-8D57-C84DBB1EBB30}.Debug|x86.Build.0 = Debug|Win32
		{6712E15D-319F-4965-8D57-C84DBB1EBB30}.Release|x64.ActiveCfg = Release|x64
		{6712E15D-319F-4965-8D57-C84DBB1EBB30}.Release|x64.Build.0 = Release|x64
		{6712E15D-319F-4965-8D57-C84DBB1EBB30}.Release|x86.ActiveCfg = Release|Win32
		{6712E15D-319F-4965-8D57-C84DBB1EBB30}.Release|x86.Build.0 = Release|Win32
		{B5213121-7FBE-44FD-9B43-3E4AC8507364}.Debug|x64.ActiveCfg = Debug|x64
		{B5213121-7FBE-44FD-9B43-3E4AC8507364}.Debug|x64.Build.0 = Debug|x64
		{B5213121-7FBE-44FD-9B43-3E4AC8507364}.Debug|x86.ActiveCfg = Debug|Win32
		{B5213121-7FBE-44FD-9B43-3E4AC8507364}.Debug|x86.Build.0 = Debug|Win32
		{B5213121-7FBE-44FD-9B43-3E4AC8507364}.Release|x64.ActiveCfg = Release|x64
		{B5213121-7FBE-44FD-9B43-3E4AC8507364}.Release|x64.Build.0 = Release|x64
		{B5213121-7FBE-44FD-9B43-3E4AC8507364}.Release|x86.ActiveCfg = Release|Win32
		{B5213121-7FBE-44FD-9B43-3E4AC8507364}.Release|x86.Build.0 = Release|Win32
		{F773D1D2-ADC2-4EA7-9E9E-EDD50EB82826}.Debug|x64.ActiveCfg = Debug|x64
		{F773D1D2-ADC2-4EA7-9E9E-EDD50EB82826}.Debug|x64.Build.0 = Debug|x64
		{F773D1D2-ADC2-4EA7-9E9E-EDD50EB82826}.Debug|x86.ActiveCfg = Debug|Win32
		{F773D1D2-ADC2-4EA7-9E9E-EDD50EB82826}.Debug|x86.Build.0 = Debug|Win32
		{F773D1D2-ADC2-4EA7-9E9E-EDD50EB82826}.Release|x64.ActiveCfg = Release|x64
		{F773D1D2-ADC2-4EA7-9E9E-EDD50EB82826}.Release|x64.Build.0 = Release|x64
		{F773D1D2-ADC2-4EA7-9E9E-EDD50EB82826}.Release|x86.ActiveCfg = Release|Win32
		{F773D1D2-ADC2-4EA7-9E9E-EDD50EB82826}.Release|x86.Build.0 = Release|Win32
		{A8FE4F95-28C0-4010-B141-340AAAEC2948}.Debug|x64.ActiveCfg = Debug|x64
		{A8FE4F95-28C0-4010-B141-340AAAEC2948}.Debug|x64.Build.0 = Debug|x64
		{A8FE4F95-28C0-4010-B141-340AAAEC2948}.Debug|x86.ActiveCfg = Debug|Win32
		{A8FE4F95-28C0-4010-B141-340AAAEC2948}.Debug|x86.Build.0 = Debug|Win32
		{A8FE4F95-28C0-4010-B141-340AAAEC2948}.Release|x64.ActiveCfg = Release|x64
		{A8FE4F95-28C0-4010-B141-340AAAEC2948}.Release|x64.Build.0 = Release|x64
		{A8FE4F95-28C0-4010-B141-340AAAEC2948}.Release|x86.ActiveCfg = Release|Win32
		{A8FE4F95-28C0-4010-B141-340AAAEC2948}.Release|x86.Build.0 = Release|Win32
		{30DF5661-89C0-45E8-A6F4-2D377C3AE53C}.Debug|x64.ActiveCfg = Debug|x64
		{30DF5661-89C0-45E8-A6F4-2D377C3AE53C}.Debug|x64.Build.0 = Debug|x64
		{30DF5661-89C0-45E8-A6F4-2D377C3AE53C}.Debug|x86.ActiveCfg = Debug|Win32
		{30DF5661-89C0-45E8-A6F4-2D377C3AE53C}.Debug|x86.Build.0 = Debug|Win32
		{30DF5661-89C0-45E8-A6F4-2D377C3AE53C}.Release|x64.ActiveCfg = Release|x64
		{30DF5661-89C0-45E8-A6F4-2D377C3AE53C}.Release|x64.Build.0 = Release|x64
		{30DF5661-89C0-45E8-A6F4-2D377C3AE53C}.Release|x86.ActiveCfg = Release|Win32
		{30DF5661-89C0-45E8-A6F4-2D377C3AE53C}.Release|x86.Build.0 = Release|Win32
		{35B9C441-720C-4235-B33B-339CA9C39720}.Debug|x64.ActiveCfg = Debug|x64
		{35B9C441-720C-4235-B33B-339CA9C39720}.Debug|x64.Build.0 = Debug|x64
		{35B9C441-720C-4235-B33B-339CA9C39720}.Debug|x86.ActiveCfg = Debug|Win32
		{35B9C441-720C-4235-B33B-339CA9C39720}.Debug|x86.Build.0 = Debug|Win32
		{35B9C441-720C-4235-B33B-339CA9C39720}.Release|x64.ActiveCfg = Release|x64
		{35B9C441-720C-4235-B33B-339CA9C39720}.Release|x64.Build.0 = Release|x64
		{35B9C441-720C-4235-B33B-339CA9C39720}.Release|x86.ActiveCfg = Release|Win32
		{35B9C441-720C-4235-B33B-339CA9C39720}.Release|x86.Build.0 = Release|Win32
		{2CF315F5-ACAF-4DD1-A90E-6E275921DC58}.Debug|x64.ActiveCfg = Debug|x64
		{2CF315F5-ACAF-4DD1-A90E-6E275921DC58}.Debug|x64.Build.0 = Debug|x64
		{2CF315F5-ACAF-4DD1-A90E-6E275921DC58}.Debug|x86.ActiveCfg = Debug|Win32
		{2CF315F5-ACAF-4DD1-A90E-6E275921DC58}.Debug|x86.Build.0 = Debug|Win32
		{2CF315F5-ACAF-4DD1-A90E-6E275921DC58}.Release|x64.ActiveCfg = Release|x64
		{2CF315F5-ACAF-4DD1-A90E-6E275921DC58}.Release|x64.Build.0 = Release|x64
		{2CF315F5-ACAF-4DD1-A90E-6E275921DC58}.Release|x86.ActiveCfg = Release|Win32
		{2CF315F5-ACAF-4DD1-A90E-6E275921DC58}.Release|x86.Build.0 = Release|Win32
	EndGlobalSection
	GlobalSection(SolutionProperties) = preSolution
		HideSolutionNode = FALSE
	EndGlobalSection
	GlobalSection(ExtensibilityGlobals) = postSolution
		SolutionGuid = {4101D15A-0144-457C-B938-D20ED255AFB6}
	EndGlobalSection
EndGlobal
